# THIS IS AN AUTOGENERATED FILE. DO NOT EDIT THIS FILE DIRECTLY.
# yarn lockfile v1


"@noble/curves@^1.2.0":
  version "1.2.0"
  resolved "https://registry.yarnpkg.com/@noble/curves/-/curves-1.2.0.tgz#92d7e12e4e49b23105a2555c6984d41733d65c35"
  integrity sha512-oYclrNgRaM9SsBUBVbb8M6DTV7ZHRTKugureoYEncY5c65HOmRzvSiTE3y5CYaPYJA/GVkrhXEoF0M3Ya9PMnw==
  dependencies:
    "@noble/hashes" "1.3.2"

"@noble/hashes@1.3.2", "@noble/hashes@^1.3.2":
  version "1.3.2"
  resolved "https://registry.yarnpkg.com/@noble/hashes/-/hashes-1.3.2.tgz#6f26dbc8fbc7205873ce3cee2f690eba0d421b39"
  integrity sha512-MVC8EAQp7MvEcm30KWENFjgR+Mkmf+D189XJTkFIlwohU5hcBbn1ZkKq7KVTi2Hme3PMGF390DaL52beVrIihQ==

"@polkadot/api-augment@10.9.1":
  version "10.9.1"
  resolved "https://registry.yarnpkg.com/@polkadot/api-augment/-/api-augment-10.9.1.tgz#9fc81b81903229bb23b0b16783e97ec52a5d4f1b"
  integrity sha512-kRZZvCFVcN4hAH4dJ+Qzfdy27/4EEq3oLDf3ihj0LTVrAezSWcKPGE3EVFy+Mn6Lo4SUc7RVyoKvIUhSk2l4Dg==
  dependencies:
    "@polkadot/api-base" "10.9.1"
    "@polkadot/rpc-augment" "10.9.1"
    "@polkadot/types" "10.9.1"
    "@polkadot/types-augment" "10.9.1"
    "@polkadot/types-codec" "10.9.1"
    "@polkadot/util" "^12.3.1"
    tslib "^2.5.3"

"@polkadot/api-base@10.9.1":
  version "10.9.1"
  resolved "https://registry.yarnpkg.com/@polkadot/api-base/-/api-base-10.9.1.tgz#27f63c4950814c2f10535f794121fa1384dc2207"
  integrity sha512-Q3m2KzlceMK2kX8bhnUZWk3RT6emmijeeFZZQgCePpEcrSeNjnqG4qjuTPgkveaOkUT8MAoDc5Avuzcc2jlW9g==
  dependencies:
    "@polkadot/rpc-core" "10.9.1"
    "@polkadot/types" "10.9.1"
    "@polkadot/util" "^12.3.1"
    rxjs "^7.8.1"
    tslib "^2.5.3"

"@polkadot/api-derive@10.9.1":
  version "10.9.1"
  resolved "https://registry.yarnpkg.com/@polkadot/api-derive/-/api-derive-10.9.1.tgz#04a4ca3285fd215c4cd50cfb3f4791d38dd90050"
  integrity sha512-mRud1UZCFIc4Z63qAoGSIHh/foyUYADfy1RQYCmPpeFKfIdCIrHpd7xFdJXTOMYOS0BwlM6u4qli/ZT4XigezQ==
  dependencies:
    "@polkadot/api" "10.9.1"
    "@polkadot/api-augment" "10.9.1"
    "@polkadot/api-base" "10.9.1"
    "@polkadot/rpc-core" "10.9.1"
    "@polkadot/types" "10.9.1"
    "@polkadot/types-codec" "10.9.1"
    "@polkadot/util" "^12.3.1"
    "@polkadot/util-crypto" "^12.3.1"
    rxjs "^7.8.1"
    tslib "^2.5.3"

"@polkadot/api@10.9.1", "@polkadot/api@^10.9.1":
  version "10.9.1"
  resolved "https://registry.yarnpkg.com/@polkadot/api/-/api-10.9.1.tgz#156b3436f45ef18218960804988c1f552d2c4e46"
  integrity sha512-ND/2UqZBWvtt4PfV03OStTKg0mxmPk4UpMAgJKutdgsz/wP9CYJ1KbjwFgPNekL9JnzbKQsWyQNPVrcw7kQk8A==
  dependencies:
    "@polkadot/api-augment" "10.9.1"
    "@polkadot/api-base" "10.9.1"
    "@polkadot/api-derive" "10.9.1"
    "@polkadot/keyring" "^12.3.1"
    "@polkadot/rpc-augment" "10.9.1"
    "@polkadot/rpc-core" "10.9.1"
    "@polkadot/rpc-provider" "10.9.1"
    "@polkadot/types" "10.9.1"
    "@polkadot/types-augment" "10.9.1"
    "@polkadot/types-codec" "10.9.1"
    "@polkadot/types-create" "10.9.1"
    "@polkadot/types-known" "10.9.1"
    "@polkadot/util" "^12.3.1"
    "@polkadot/util-crypto" "^12.3.1"
    eventemitter3 "^5.0.1"
    rxjs "^7.8.1"
    tslib "^2.5.3"

"@polkadot/keyring@^12.3.1":
  version "12.5.1"
  resolved "https://registry.yarnpkg.com/@polkadot/keyring/-/keyring-12.5.1.tgz#2f38504aa915f54bbd265f3793a6be55010eb1f5"
  integrity sha512-u6b+Q7wI6WY/vwmJS9uUHy/5hKZ226nTlVNmxjkj9GvrRsQvUSwS94163yHPJwiZJiIv5xK5m0rwCMyoYu+wjA==
  dependencies:
    "@polkadot/util" "12.5.1"
    "@polkadot/util-crypto" "12.5.1"
    tslib "^2.6.2"

"@polkadot/networks@12.5.1", "@polkadot/networks@^12.3.1":
  version "12.5.1"
  resolved "https://registry.yarnpkg.com/@polkadot/networks/-/networks-12.5.1.tgz#685c69d24d78a64f4e750609af22678d57fe1192"
  integrity sha512-PP6UUdzz6iHHZH4q96cUEhTcydHj16+61sqeaYEJSF6Q9iY+5WVWQ26+rdjmre/EBdrMQkSS/CKy73mO5z/JkQ==
  dependencies:
    "@polkadot/util" "12.5.1"
    "@substrate/ss58-registry" "^1.43.0"
    tslib "^2.6.2"

"@polkadot/rpc-augment@10.9.1":
  version "10.9.1"
  resolved "https://registry.yarnpkg.com/@polkadot/rpc-augment/-/rpc-augment-10.9.1.tgz#214ec3ee145d20caa61ea204041a3aadb89c6b0f"
  integrity sha512-MaLHkNlyqN20ZRYr6uNd1BZr1OsrnX9qLAmsl0mcrri1vPGRH6VHjfFH1RBLkikpWD82v17g0l2hLwdV1ZHMcw==
  dependencies:
    "@polkadot/rpc-core" "10.9.1"
    "@polkadot/types" "10.9.1"
    "@polkadot/types-codec" "10.9.1"
    "@polkadot/util" "^12.3.1"
    tslib "^2.5.3"

"@polkadot/rpc-core@10.9.1":
  version "10.9.1"
  resolved "https://registry.yarnpkg.com/@polkadot/rpc-core/-/rpc-core-10.9.1.tgz#798c514dbed6f6c2e43098a494c9f51fb144dc31"
  integrity sha512-ZtA8B8SfXSAwVkBlCcKRHw0eSM7ec/sbiNOM5GasXPeRujUgT7lOwSH2GbUZSqe9RfRDMp6DvO9c2JoGc3LLWw==
  dependencies:
    "@polkadot/rpc-augment" "10.9.1"
    "@polkadot/rpc-provider" "10.9.1"
    "@polkadot/types" "10.9.1"
    "@polkadot/util" "^12.3.1"
    rxjs "^7.8.1"
    tslib "^2.5.3"

"@polkadot/rpc-provider@10.9.1":
  version "10.9.1"
  resolved "https://registry.yarnpkg.com/@polkadot/rpc-provider/-/rpc-provider-10.9.1.tgz#de3a474bbcd26d28d9cd3134acdb3b5ce92b680b"
  integrity sha512-4QzT2QzD+320+eT6b79sGAA85Tt3Bb8fQvse4r5Mom2iiBd2SO81vOhxSAOaIe4GUsw25VzFJmsbe7+OObItdg==
  dependencies:
    "@polkadot/keyring" "^12.3.1"
    "@polkadot/types" "10.9.1"
    "@polkadot/types-support" "10.9.1"
    "@polkadot/util" "^12.3.1"
    "@polkadot/util-crypto" "^12.3.1"
    "@polkadot/x-fetch" "^12.3.1"
    "@polkadot/x-global" "^12.3.1"
    "@polkadot/x-ws" "^12.3.1"
    eventemitter3 "^5.0.1"
    mock-socket "^9.2.1"
    nock "^13.3.1"
    tslib "^2.5.3"
  optionalDependencies:
    "@substrate/connect" "0.7.26"

"@polkadot/types-augment@10.9.1":
  version "10.9.1"
  resolved "https://registry.yarnpkg.com/@polkadot/types-augment/-/types-augment-10.9.1.tgz#5f1c1225c04ffbfe243629a46087c9c9de25a6b3"
  integrity sha512-OY9/jTMFRFqYdkUnfcGwqMLC64A0Q25bjvCuVQCVjsPFKE3wl0Kt5rNT01eV2UmLXrR6fY0xWbR2w80bLA7CIQ==
  dependencies:
    "@polkadot/types" "10.9.1"
    "@polkadot/types-codec" "10.9.1"
    "@polkadot/util" "^12.3.1"
    tslib "^2.5.3"

"@polkadot/types-codec@10.9.1":
  version "10.9.1"
  resolved "https://registry.yarnpkg.com/@polkadot/types-codec/-/types-codec-10.9.1.tgz#f30026d3dfeaa69c07c45fa66d1c39318fd232cc"
  integrity sha512-mJ5OegKGraY1FLvEa8FopRCr3pQrhDkcn5RNOjmgJQozENVeRaxhk0NwxYz7IojFvSDnKnc6lNQfKaaSe5pLHg==
  dependencies:
    "@polkadot/util" "^12.3.1"
    "@polkadot/x-bigint" "^12.3.1"
    tslib "^2.5.3"

"@polkadot/types-create@10.9.1":
  version "10.9.1"
  resolved "https://registry.yarnpkg.com/@polkadot/types-create/-/types-create-10.9.1.tgz#087d7e2af51cce558b67e3859613b932a3bdc0a3"
  integrity sha512-OVz50MGTTuiuVnRP/zAx4CTuLioc0hsiwNwqN2lNhmIJGtnQ4Vy/7mQRsIWehiYz6g0Vzzm5B3qWkTXO1NSN5w==
  dependencies:
    "@polkadot/types-codec" "10.9.1"
    "@polkadot/util" "^12.3.1"
    tslib "^2.5.3"

"@polkadot/types-known@10.9.1":
  version "10.9.1"
  resolved "https://registry.yarnpkg.com/@polkadot/types-known/-/types-known-10.9.1.tgz#fe0c7e55191aa843119edcaf9abb5d2471463a7d"
  integrity sha512-zCMVWc4pJtkbMFPu72bD4IhvV/gkHXPX3C5uu92WdmCfnn0vEIEsMKWlVXVVvQQZKAqvs/awpqIfrUtEViOGEA==
  dependencies:
    "@polkadot/networks" "^12.3.1"
    "@polkadot/types" "10.9.1"
    "@polkadot/types-codec" "10.9.1"
    "@polkadot/types-create" "10.9.1"
    "@polkadot/util" "^12.3.1"
    tslib "^2.5.3"

"@polkadot/types-support@10.9.1":
  version "10.9.1"
  resolved "https://registry.yarnpkg.com/@polkadot/types-support/-/types-support-10.9.1.tgz#17a861aab8e5a225a4e20cefa2d16076ddd51baf"
  integrity sha512-XsieuLDsszvMZQlleacQBfx07i/JkwQV/UxH9q8Hz7Okmaz9pEVEW1h3ka2/cPuC7a4l32JhaORBUYshBZNdJg==
  dependencies:
    "@polkadot/util" "^12.3.1"
    tslib "^2.5.3"

"@polkadot/types@10.9.1", "@polkadot/types@^10.9.1":
  version "10.9.1"
  resolved "https://registry.yarnpkg.com/@polkadot/types/-/types-10.9.1.tgz#f111d00f7278ad3be95deba3d701fafefe080cb2"
  integrity sha512-AG33i2ZGGfq7u+5rkAdGrXAQHHl844/Yv+junH5ZzX69xiCoWO1bH/yzDUNBdpki2GlACWvF9nLYh3F2tVF93w==
  dependencies:
    "@polkadot/keyring" "^12.3.1"
    "@polkadot/types-augment" "10.9.1"
    "@polkadot/types-codec" "10.9.1"
    "@polkadot/types-create" "10.9.1"
    "@polkadot/util" "^12.3.1"
    "@polkadot/util-crypto" "^12.3.1"
    rxjs "^7.8.1"
    tslib "^2.5.3"

"@polkadot/util-crypto@12.5.1", "@polkadot/util-crypto@^12.3.1":
  version "12.5.1"
  resolved "https://registry.yarnpkg.com/@polkadot/util-crypto/-/util-crypto-12.5.1.tgz#1753b23abfb9d72db950399ef65b0cbe5bef9f2f"
  integrity sha512-Y8ORbMcsM/VOqSG3DgqutRGQ8XXK+X9M3C8oOEI2Tji65ZsXbh9Yh+ryPLM0oBp/9vqOXjkLgZJbbVuQceOw0A==
  dependencies:
    "@noble/curves" "^1.2.0"
    "@noble/hashes" "^1.3.2"
    "@polkadot/networks" "12.5.1"
    "@polkadot/util" "12.5.1"
    "@polkadot/wasm-crypto" "^7.2.2"
    "@polkadot/wasm-util" "^7.2.2"
    "@polkadot/x-bigint" "12.5.1"
    "@polkadot/x-randomvalues" "12.5.1"
    "@scure/base" "^1.1.3"
    tslib "^2.6.2"

"@polkadot/util@12.5.1", "@polkadot/util@^12.3.1":
  version "12.5.1"
  resolved "https://registry.yarnpkg.com/@polkadot/util/-/util-12.5.1.tgz#f4e7415600b013d3b69527aa88904acf085be3f5"
  integrity sha512-fDBZL7D4/baMG09Qowseo884m3QBzErGkRWNBId1UjWR99kyex+cIY9fOSzmuQxo6nLdJlLHw1Nz2caN3+Bq0A==
  dependencies:
    "@polkadot/x-bigint" "12.5.1"
    "@polkadot/x-global" "12.5.1"
    "@polkadot/x-textdecoder" "12.5.1"
    "@polkadot/x-textencoder" "12.5.1"
    "@types/bn.js" "^5.1.1"
    bn.js "^5.2.1"
    tslib "^2.6.2"

"@polkadot/wasm-bridge@7.2.2":
  version "7.2.2"
  resolved "https://registry.yarnpkg.com/@polkadot/wasm-bridge/-/wasm-bridge-7.2.2.tgz#957b82b17927fe080729e8930b5b5c554f77b8df"
  integrity sha512-CgNENd65DVYtackOVXXRA0D1RPoCv5+77IdBCf7kNqu6LeAnR4nfTI6qjaApUdN1xRweUsQjSH7tu7VjkMOA0A==
  dependencies:
    "@polkadot/wasm-util" "7.2.2"
    tslib "^2.6.1"

"@polkadot/wasm-crypto-asmjs@7.2.2":
  version "7.2.2"
  resolved "https://registry.yarnpkg.com/@polkadot/wasm-crypto-asmjs/-/wasm-crypto-asmjs-7.2.2.tgz#25243a4d5d8d997761141b616623cacff4329f13"
  integrity sha512-wKg+cpsWQCTSVhjlHuNeB/184rxKqY3vaklacbLOMbUXieIfuDBav5PJdzS3yeiVE60TpYaHW4iX/5OYHS82gg==
  dependencies:
    tslib "^2.6.1"

"@polkadot/wasm-crypto-init@7.2.2":
  version "7.2.2"
  resolved "https://registry.yarnpkg.com/@polkadot/wasm-crypto-init/-/wasm-crypto-init-7.2.2.tgz#ffd105b87fc1b679c06c85c0848183c27bc539e3"
  integrity sha512-vD4iPIp9x+SssUIWUenxWLPw4BVIwhXHNMpsV81egK990tvpyIxL205/EF5QRb1mKn8WfWcNFm5tYwwh9NdnnA==
  dependencies:
    "@polkadot/wasm-bridge" "7.2.2"
    "@polkadot/wasm-crypto-asmjs" "7.2.2"
    "@polkadot/wasm-crypto-wasm" "7.2.2"
    "@polkadot/wasm-util" "7.2.2"
    tslib "^2.6.1"

"@polkadot/wasm-crypto-wasm@7.2.2":
  version "7.2.2"
  resolved "https://registry.yarnpkg.com/@polkadot/wasm-crypto-wasm/-/wasm-crypto-wasm-7.2.2.tgz#9e49a1565bda2bc830708693b491b37ad8a2144d"
  integrity sha512-3efoIB6jA3Hhv6k0YIBwCtlC8gCSWCk+R296yIXRLLr3cGN415KM/PO/d1JIXYI64lbrRzWRmZRhllw3jf6Atg==
  dependencies:
    "@polkadot/wasm-util" "7.2.2"
    tslib "^2.6.1"

"@polkadot/wasm-crypto@^7.2.2":
  version "7.2.2"
  resolved "https://registry.yarnpkg.com/@polkadot/wasm-crypto/-/wasm-crypto-7.2.2.tgz#3c4b300c0997f4f7e2ddcdf8101d97fa1f5d1a7f"
  integrity sha512-1ZY1rxUTawYm0m1zylvBMFovNIHYgG2v/XoASNp/EMG5c8FQIxCbhJRaTBA983GVq4lN/IAKREKEp9ZbLLqssA==
  dependencies:
    "@polkadot/wasm-bridge" "7.2.2"
    "@polkadot/wasm-crypto-asmjs" "7.2.2"
    "@polkadot/wasm-crypto-init" "7.2.2"
    "@polkadot/wasm-crypto-wasm" "7.2.2"
    "@polkadot/wasm-util" "7.2.2"
    tslib "^2.6.1"

"@polkadot/wasm-util@7.2.2", "@polkadot/wasm-util@^7.2.2":
  version "7.2.2"
  resolved "https://registry.yarnpkg.com/@polkadot/wasm-util/-/wasm-util-7.2.2.tgz#f8aa62eba9a35466aa23f3c5634f3e8dbd398bbf"
  integrity sha512-N/25960ifCc56sBlJZ2h5UBpEPvxBmMLgwYsl7CUuT+ea2LuJW9Xh8VHDN/guYXwmm92/KvuendYkEUykpm/JQ==
  dependencies:
    tslib "^2.6.1"

"@polkadot/x-bigint@12.5.1", "@polkadot/x-bigint@^12.3.1":
  version "12.5.1"
  resolved "https://registry.yarnpkg.com/@polkadot/x-bigint/-/x-bigint-12.5.1.tgz#0a6a3a34fae51468e7b02b42e0ff0747fd88a80a"
  integrity sha512-Fw39eoN9v0sqxSzfSC5awaDVdzojIiE7d1hRSQgVSrES+8whWvtbYMR0qwbVhTuW7DvogHmye41P9xKMlXZysg==
  dependencies:
    "@polkadot/x-global" "12.5.1"
    tslib "^2.6.2"

"@polkadot/x-fetch@^12.3.1":
  version "12.5.1"
  resolved "https://registry.yarnpkg.com/@polkadot/x-fetch/-/x-fetch-12.5.1.tgz#41532d1324cef56a28c31490ac81062d487b16fb"
  integrity sha512-Bc019lOKCoQJrthiS+H3LwCahGtl5tNnb2HK7xe3DBQIUx9r2HsF/uEngNfMRUFkUYg5TPCLFbEWU8NIREBS1A==
  dependencies:
    "@polkadot/x-global" "12.5.1"
    node-fetch "^3.3.2"
    tslib "^2.6.2"

"@polkadot/x-global@12.5.1", "@polkadot/x-global@^12.3.1":
  version "12.5.1"
  resolved "https://registry.yarnpkg.com/@polkadot/x-global/-/x-global-12.5.1.tgz#947bb90e0c46c853ffe216dd6dcb6847d5c18a98"
  integrity sha512-6K0YtWEg0eXInDOihU5aSzeb1t9TiDdX9ZuRly+58ALSqw5kPZYmQLbzE1d8HWzyXRXK+YH65GtLzfMGqfYHmw==
  dependencies:
    tslib "^2.6.2"

"@polkadot/x-randomvalues@12.5.1":
  version "12.5.1"
  resolved "https://registry.yarnpkg.com/@polkadot/x-randomvalues/-/x-randomvalues-12.5.1.tgz#b30c6fa8749f5776f1d8a78b6edddb9b0f9c2853"
  integrity sha512-UsMb1d+77EPNjW78BpHjZLIm4TaIpfqq89OhZP/6gDIoS2V9iE/AK3jOWKm1G7Y2F8XIoX1qzQpuMakjfagFoQ==
  dependencies:
    "@polkadot/x-global" "12.5.1"
    tslib "^2.6.2"

"@polkadot/x-textdecoder@12.5.1":
  version "12.5.1"
  resolved "https://registry.yarnpkg.com/@polkadot/x-textdecoder/-/x-textdecoder-12.5.1.tgz#8d89d2b5efbffb2550a48f8afb4a834e1d8d4f6e"
  integrity sha512-j2YZGWfwhMC8nHW3BXq10fAPY02ObLL/qoTjCMJ1Cmc/OGq18Ep7k9cXXbjFAq3wf3tUUewt/u/hStKCk3IvfQ==
  dependencies:
    "@polkadot/x-global" "12.5.1"
    tslib "^2.6.2"

"@polkadot/x-textencoder@12.5.1":
  version "12.5.1"
  resolved "https://registry.yarnpkg.com/@polkadot/x-textencoder/-/x-textencoder-12.5.1.tgz#9104e37a60068df2fbf57c81a7ce48669430c76c"
  integrity sha512-1JNNpOGb4wD+c7zFuOqjibl49LPnHNr4rj4s3WflLUIZvOMY6euoDuN3ISjQSHCLlVSoH0sOCWA3qXZU4bCTDQ==
  dependencies:
    "@polkadot/x-global" "12.5.1"
    tslib "^2.6.2"

"@polkadot/x-ws@^12.3.1":
  version "12.5.1"
  resolved "https://registry.yarnpkg.com/@polkadot/x-ws/-/x-ws-12.5.1.tgz#ff9fc78ef701e18d765443779ab95296a406138c"
  integrity sha512-efNMhB3Lh6pW2iTipMkqwrjpuUtb3EwR/jYZftiIGo5tDPB7rqoMOp9s6KRFJEIUfZkLnMUtbkZ5fHzUJaCjmQ==
  dependencies:
    "@polkadot/x-global" "12.5.1"
    tslib "^2.6.2"
    ws "^8.14.1"

"@scure/base@^1.1.3":
  version "1.1.3"
  resolved "https://registry.yarnpkg.com/@scure/base/-/base-1.1.3.tgz#8584115565228290a6c6c4961973e0903bb3df2f"
  integrity sha512-/+SgoRjLq7Xlf0CWuLHq2LUZeL/w65kfzAPG5NH9pcmBhs+nunQTn4gvdwgMTIXnt9b2C/1SeL2XiysZEyIC9Q==

"@substrate/connect-extension-protocol@^1.0.1":
  version "1.0.1"
  resolved "https://registry.yarnpkg.com/@substrate/connect-extension-protocol/-/connect-extension-protocol-1.0.1.tgz#fa5738039586c648013caa6a0c95c43265dbe77d"
  integrity sha512-161JhCC1csjH3GE5mPLEd7HbWtwNSPJBg3p1Ksz9SFlTzj/bgEwudiRN2y5i0MoLGCIJRYKyKGMxVnd29PzNjg==

"@substrate/connect@0.7.26":
  version "0.7.26"
  resolved "https://registry.yarnpkg.com/@substrate/connect/-/connect-0.7.26.tgz#a0ee5180c9cb2f29250d1219a32f7b7e7dea1196"
  integrity sha512-uuGSiroGuKWj1+38n1kY5HReer5iL9bRwPCzuoLtqAOmI1fGI0hsSI2LlNQMAbfRgr7VRHXOk5MTuQf5ulsFRw==
  dependencies:
    "@substrate/connect-extension-protocol" "^1.0.1"
    eventemitter3 "^4.0.7"
    smoldot "1.0.4"

"@substrate/ss58-registry@^1.43.0":
  version "1.43.0"
  resolved "https://registry.yarnpkg.com/@substrate/ss58-registry/-/ss58-registry-1.43.0.tgz#93108e45cb7ef6d82560c153e3692c2aa1c711b3"
  integrity sha512-USEkXA46P9sqClL7PZv0QFsit4S8Im97wchKG0/H/9q3AT/S76r40UHfCr4Un7eBJPE23f7fU9BZ0ITpP9MCsA==

"@types/bn.js@^5.1.1":
  version "5.1.2"
  resolved "https://registry.yarnpkg.com/@types/bn.js/-/bn.js-5.1.2.tgz#162f5238c46f4bcbac07a98561724eca1fcf0c5e"
  integrity sha512-dkpZu0szUtn9UXTmw+e0AJFd4D2XAxDnsCLdc05SfqpqzPEBft8eQr8uaFitfo/dUUOZERaLec2hHMG87A4Dxg==
  dependencies:
    "@types/node" "*"

"@types/node@*":
  version "20.6.3"
  resolved "https://registry.yarnpkg.com/@types/node/-/node-20.6.3.tgz#5b763b321cd3b80f6b8dde7a37e1a77ff9358dd9"
  integrity sha512-HksnYH4Ljr4VQgEy2lTStbCKv/P590tmPe5HqOnv9Gprffgv5WXAY+Y5Gqniu0GGqeTCUdBnzC3QSrzPkBkAMA==

ansi-regex@^5.0.1:
  version "5.0.1"
  resolved "https://registry.yarnpkg.com/ansi-regex/-/ansi-regex-5.0.1.tgz#082cb2c89c9fe8659a311a53bd6a4dc5301db304"
  integrity sha512-quJQXlTSUGL2LH9SUXo8VwsY4soanhgo6LNSm84E1LBcE8s3O0wpdiRzyR9z/ZZJMlMWv37qOOb9pdJlMUEKFQ==

ansi-styles@^4.0.0:
  version "4.3.0"
  resolved "https://registry.yarnpkg.com/ansi-styles/-/ansi-styles-4.3.0.tgz#edd803628ae71c04c85ae7a0906edad34b648937"
  integrity sha512-zbB9rCJAT1rbjiVDb2hqKFHNYLxgtk8NURxZ3IZwD3F6NtxbXZQCnnSi1Lkx+IDohdPlFp222wVALIheZJQSEg==
  dependencies:
    color-convert "^2.0.1"

bn.js@^5.2.1:
  version "5.2.1"
  resolved "https://registry.yarnpkg.com/bn.js/-/bn.js-5.2.1.tgz#0bc527a6a0d18d0aa8d5b0538ce4a77dccfa7b70"
  integrity sha512-eXRvHzWyYPBuB4NBy0cmYQjGitUrtqwbvlzP3G6VFnNRbsZQIxQ10PbKKHt8gZ/HW/D/747aDl+QkDqg3KQLMQ==

cliui@^8.0.1:
  version "8.0.1"
  resolved "https://registry.yarnpkg.com/cliui/-/cliui-8.0.1.tgz#0c04b075db02cbfe60dc8e6cf2f5486b1a3608aa"
  integrity sha512-BSeNnyus75C4//NQ9gQt1/csTXyo/8Sb+afLAkzAptFuMsod9HFokGNudZpi/oQV73hnVK+sR+5PVRMd+Dr7YQ==
  dependencies:
    string-width "^4.2.0"
    strip-ansi "^6.0.1"
    wrap-ansi "^7.0.0"

color-convert@^2.0.1:
  version "2.0.1"
  resolved "https://registry.yarnpkg.com/color-convert/-/color-convert-2.0.1.tgz#72d3a68d598c9bdb3af2ad1e84f21d896abd4de3"
  integrity sha512-RRECPsj7iu/xb5oKYcsFHSppFNnsj/52OVTRKb4zP5onXwVF3zVmmToNcOfGC+CRDpfK/U584fMg38ZHCaElKQ==
  dependencies:
    color-name "~1.1.4"

color-name@~1.1.4:
  version "1.1.4"
  resolved "https://registry.yarnpkg.com/color-name/-/color-name-1.1.4.tgz#c2a09a87acbde69543de6f63fa3995c826c536a2"
  integrity sha512-dOy+3AuW3a2wNbZHIuMZpTcgjGuLU/uBL/ubcZF9OXbDo8ff4O8yVp5Bf0efS8uEoYo5q4Fx7dY9OgQGXgAsQA==

data-uri-to-buffer@^4.0.0:
  version "4.0.1"
  resolved "https://registry.yarnpkg.com/data-uri-to-buffer/-/data-uri-to-buffer-4.0.1.tgz#d8feb2b2881e6a4f58c2e08acfd0e2834e26222e"
  integrity sha512-0R9ikRb668HB7QDxT1vkpuUBtqc53YyAwMwGeUFKRojY/NWKvdZ+9UYtRfGmhqNbRkTSVpMbmyhXipFFv2cb/A==

debug@^4.1.0:
  version "4.3.4"
  resolved "https://registry.yarnpkg.com/debug/-/debug-4.3.4.tgz#1319f6579357f2338d3337d2cdd4914bb5dcc865"
  integrity sha512-PRWFHuSU3eDtQJPvnNY7Jcket1j0t5OuOsFzPPzsekD52Zl8qUfFIPEiswXqIvHWGVHOgX+7G/vCNNhehwxfkQ==
  dependencies:
    ms "2.1.2"

emoji-regex@^8.0.0:
  version "8.0.0"
  resolved "https://registry.yarnpkg.com/emoji-regex/-/emoji-regex-8.0.0.tgz#e818fd69ce5ccfcb404594f842963bf53164cc37"
  integrity sha512-MSjYzcWNOA0ewAHpz0MxpYFvwg6yjy1NG3xteoqz644VCo/RPgnr1/GGt+ic3iJTzQ8Eu3TdM14SawnVUmGE6A==

escalade@^3.1.1:
  version "3.1.1"
  resolved "https://registry.yarnpkg.com/escalade/-/escalade-3.1.1.tgz#d8cfdc7000965c5a0174b4a82eaa5c0552742e40"
  integrity sha512-k0er2gUkLf8O0zKJiAhmkTnJlTvINGv7ygDNPbeIsX/TJjGJZHuh9B2UxbsaEkmlEo9MfhrSzmhIlhRlI2GXnw==

eventemitter3@^4.0.7:
  version "4.0.7"
  resolved "https://registry.yarnpkg.com/eventemitter3/-/eventemitter3-4.0.7.tgz#2de9b68f6528d5644ef5c59526a1b4a07306169f"
  integrity sha512-8guHBZCwKnFhYdHr2ysuRWErTwhoN2X8XELRlrRwpmfeY2jjuUN4taQMsULKUVo1K4DvZl+0pgfyoysHxvmvEw==

eventemitter3@^5.0.1:
  version "5.0.1"
  resolved "https://registry.yarnpkg.com/eventemitter3/-/eventemitter3-5.0.1.tgz#53f5ffd0a492ac800721bb42c66b841de96423c4"
  integrity sha512-GWkBvjiSZK87ELrYOSESUYeVIc9mvLLf/nXalMOS5dYrgZq9o5OVkbZAVM06CVxYsCwH9BDZFPlQTlPA1j4ahA==

fetch-blob@^3.1.2, fetch-blob@^3.1.4:
  version "3.2.0"
  resolved "https://registry.yarnpkg.com/fetch-blob/-/fetch-blob-3.2.0.tgz#f09b8d4bbd45adc6f0c20b7e787e793e309dcce9"
  integrity sha512-7yAQpD2UMJzLi1Dqv7qFYnPbaPx7ZfFK6PiIxQ4PfkGPyNyl2Ugx+a/umUonmKqjhM4DnfbMvdX6otXq83soQQ==
  dependencies:
    node-domexception "^1.0.0"
    web-streams-polyfill "^3.0.3"

formdata-polyfill@^4.0.10:
  version "4.0.10"
  resolved "https://registry.yarnpkg.com/formdata-polyfill/-/formdata-polyfill-4.0.10.tgz#24807c31c9d402e002ab3d8c720144ceb8848423"
  integrity sha512-buewHzMvYL29jdeQTVILecSaZKnt/RJWjoZCF5OW60Z67/GmSLBkOFM7qh1PI3zFNtJbaZL5eQu1vLfazOwj4g==
  dependencies:
    fetch-blob "^3.1.2"

fs-extra@^11.1.1:
  version "11.1.1"
  resolved "https://registry.yarnpkg.com/fs-extra/-/fs-extra-11.1.1.tgz#da69f7c39f3b002378b0954bb6ae7efdc0876e2d"
  integrity sha512-MGIE4HOvQCeUCzmlHs0vXpih4ysz4wg9qiSAu6cd42lVwPbTM1TjV7RusoyQqMmk/95gdQZX72u+YW+c3eEpFQ==
  dependencies:
    graceful-fs "^4.2.0"
    jsonfile "^6.0.1"
    universalify "^2.0.0"

get-caller-file@^2.0.5:
  version "2.0.5"
  resolved "https://registry.yarnpkg.com/get-caller-file/-/get-caller-file-2.0.5.tgz#4f94412a82db32f36e3b0b9741f8a97feb031f7e"
  integrity sha512-DyFP3BM/3YHTQOCUL/w0OZHR0lpKeGrxotcHWcqNEdnltqFwXVfhEBQ94eIo34AfQpo0rGki4cyIiftY06h2Fg==

graceful-fs@^4.1.6, graceful-fs@^4.2.0:
  version "4.2.11"
  resolved "https://registry.yarnpkg.com/graceful-fs/-/graceful-fs-4.2.11.tgz#4183e4e8bf08bb6e05bbb2f7d2e0c8f712ca40e3"
  integrity sha512-RbJ5/jmFcNNCcDV5o9eTnBLJ/HszWV0P73bc+Ff4nS/rJj+YaS6IGyiOL0VoBYX+l1Wrl3k63h/KrH+nhJ0XvQ==

is-fullwidth-code-point@^3.0.0:
  version "3.0.0"
  resolved "https://registry.yarnpkg.com/is-fullwidth-code-point/-/is-fullwidth-code-point-3.0.0.tgz#f116f8064fe90b3f7844a38997c0b75051269f1d"
  integrity sha512-zymm5+u+sCsSWyD9qNaejV3DFvhCKclKdizYaJUuHA83RLjb7nSuGnddCHGv0hk+KY7BMAlsWeK4Ueg6EV6XQg==

json-stringify-safe@^5.0.1:
  version "5.0.1"
  resolved "https://registry.yarnpkg.com/json-stringify-safe/-/json-stringify-safe-5.0.1.tgz#1296a2d58fd45f19a0f6ce01d65701e2c735b6eb"
  integrity sha512-ZClg6AaYvamvYEE82d3Iyd3vSSIjQ+odgjaTzRuO3s7toCdFKczob2i0zCh7JE8kWn17yvAWhUVxvqGwUalsRA==

jsonfile@^6.0.1:
  version "6.1.0"
  resolved "https://registry.yarnpkg.com/jsonfile/-/jsonfile-6.1.0.tgz#bc55b2634793c679ec6403094eb13698a6ec0aae"
  integrity sha512-5dgndWOriYSm5cnYaJNhalLNDKOqFwyDB/rr1E9ZsGciGvKPs8R2xYGCacuf3z6K1YKDz182fd+fY3cn3pMqXQ==
  dependencies:
    universalify "^2.0.0"
  optionalDependencies:
    graceful-fs "^4.1.6"

lodash@^4.17.21:
  version "4.17.21"
  resolved "https://registry.yarnpkg.com/lodash/-/lodash-4.17.21.tgz#679591c564c3bffaae8454cf0b3df370c3d6911c"
  integrity sha512-v2kDEe57lecTulaDIuNTPy3Ry4gLGJ6Z1O3vE1krgXZNrsQ+LFTGHVxVjcXPs17LhbZVGedAJv8XZ1tvj5FvSg==

mock-socket@^9.2.1:
  version "9.3.1"
  resolved "https://registry.yarnpkg.com/mock-socket/-/mock-socket-9.3.1.tgz#24fb00c2f573c84812aa4a24181bb025de80cc8e"
  integrity sha512-qxBgB7Qa2sEQgHFjj0dSigq7fX4k6Saisd5Nelwp2q8mlbAFh5dHV9JTTlF8viYJLSSWgMCZFUom8PJcMNBoJw==

ms@2.1.2:
  version "2.1.2"
  resolved "https://registry.yarnpkg.com/ms/-/ms-2.1.2.tgz#d09d1f357b443f493382a8eb3ccd183872ae6009"
  integrity sha512-sGkPx+VjMtmA6MX27oA4FBFELFCZZ4S4XqeGOXCv68tT+jb3vk/RyaKWP0PTKyWtmLSM0b+adUTEvbs1PEaH2w==

nock@^13.3.1:
  version "13.3.3"
  resolved "https://registry.yarnpkg.com/nock/-/nock-13.3.3.tgz#179759c07d3f88ad3e794ace885629c1adfd3fe7"
  integrity sha512-z+KUlILy9SK/RjpeXDiDUEAq4T94ADPHE3qaRkf66mpEhzc/ytOMm3Bwdrbq6k1tMWkbdujiKim3G2tfQARuJw==
  dependencies:
    debug "^4.1.0"
    json-stringify-safe "^5.0.1"
    lodash "^4.17.21"
    propagate "^2.0.0"

node-domexception@^1.0.0:
  version "1.0.0"
  resolved "https://registry.yarnpkg.com/node-domexception/-/node-domexception-1.0.0.tgz#6888db46a1f71c0b76b3f7555016b63fe64766e5"
  integrity sha512-/jKZoMpw0F8GRwl4/eLROPA3cfcXtLApP0QzLmUT/HuPCZWyB7IY9ZrMeKw2O/nFIqPQB3PVM9aYm0F312AXDQ==

node-fetch@^3.3.2:
  version "3.3.2"
  resolved "https://registry.yarnpkg.com/node-fetch/-/node-fetch-3.3.2.tgz#d1e889bacdf733b4ff3b2b243eb7a12866a0b78b"
  integrity sha512-dRB78srN/l6gqWulah9SrxeYnxeddIG30+GOqK/9OlLVyLg3HPnr6SqOWTWOXKRwC2eGYCkZ59NNuSgvSrpgOA==
  dependencies:
    data-uri-to-buffer "^4.0.0"
    fetch-blob "^3.1.4"
    formdata-polyfill "^4.0.10"

pako@^2.0.4:
  version "2.1.0"
  resolved "https://registry.yarnpkg.com/pako/-/pako-2.1.0.tgz#266cc37f98c7d883545d11335c00fbd4062c9a86"
  integrity sha512-w+eufiZ1WuJYgPXbV/PO3NCMEc3xqylkKHzp8bxp1uW4qaSNQUkwmLLEc3kKsfz8lpV1F8Ht3U1Cm+9Srog2ug==

propagate@^2.0.0:
  version "2.0.1"
  resolved "https://registry.yarnpkg.com/propagate/-/propagate-2.0.1.tgz#40cdedab18085c792334e64f0ac17256d38f9a45"
  integrity sha512-vGrhOavPSTz4QVNuBNdcNXePNdNMaO1xj9yBeH1ScQPjk/rhg9sSlCXPhMkFuaNNW/syTvYqsnbIJxMBfRbbag==

require-directory@^2.1.1:
  version "2.1.1"
  resolved "https://registry.yarnpkg.com/require-directory/-/require-directory-2.1.1.tgz#8c64ad5fd30dab1c976e2344ffe7f792a6a6df42"
  integrity sha512-fGxEI7+wsG9xrvdjsrlmL22OMTTiHRwAMroiEeMgq8gzoLC/PQr7RsRDSTLUg/bZAZtF+TVIkHc6/4RIKrui+Q==

rxjs@^7.8.1:
  version "7.8.1"
  resolved "https://registry.yarnpkg.com/rxjs/-/rxjs-7.8.1.tgz#6f6f3d99ea8044291efd92e7c7fcf562c4057543"
  integrity sha512-AA3TVj+0A2iuIoQkWEK/tqFjBq2j+6PO6Y0zJcvzLAFhEFIO3HL0vls9hWLncZbAAbK0mar7oZ4V079I/qPMxg==
  dependencies:
    tslib "^2.1.0"

smoldot@1.0.4:
  version "1.0.4"
  resolved "https://registry.yarnpkg.com/smoldot/-/smoldot-1.0.4.tgz#e4c38cedad68d699a11b5b9ce72bb75c891bfd98"
  integrity sha512-N3TazI1C4GGrseFH/piWyZCCCRJTRx2QhDfrUKRT4SzILlW5m8ayZ3QTKICcz1C/536T9cbHHJyP7afxI6Mi1A==
  dependencies:
    pako "^2.0.4"
    ws "^8.8.1"

string-width@^4.1.0, string-width@^4.2.0, string-width@^4.2.3:
  version "4.2.3"
  resolved "https://registry.yarnpkg.com/string-width/-/string-width-4.2.3.tgz#269c7117d27b05ad2e536830a8ec895ef9c6d010"
  integrity sha512-wKyQRQpjJ0sIp62ErSZdGsjMJWsap5oRNihHhu6G7JVO/9jIB6UyevL+tXuOqrng8j/cxKTWyWUwvSTriiZz/g==
  dependencies:
    emoji-regex "^8.0.0"
    is-fullwidth-code-point "^3.0.0"
    strip-ansi "^6.0.1"

strip-ansi@^6.0.0, strip-ansi@^6.0.1:
  version "6.0.1"
  resolved "https://registry.yarnpkg.com/strip-ansi/-/strip-ansi-6.0.1.tgz#9e26c63d30f53443e9489495b2105d37b67a85d9"
  integrity sha512-Y38VPSHcqkFrCpFnQ9vuSXmquuv5oXOKpGeT6aGrr3o3Gc9AlVa6JBfUSOCnbxGGZF+/0ooI7KrPuUSztUdU5A==
  dependencies:
    ansi-regex "^5.0.1"

tslib@^2.1.0, tslib@^2.5.3, tslib@^2.6.1, tslib@^2.6.2:
  version "2.6.2"
  resolved "https://registry.yarnpkg.com/tslib/-/tslib-2.6.2.tgz#703ac29425e7b37cd6fd456e92404d46d1f3e4ae"
  integrity sha512-AEYxH93jGFPn/a2iVAwW87VuUIkR1FVUKB77NwMF7nBTDkDrrT/Hpt/IrCJ0QXhW27jTBDcf5ZY7w6RiqTMw2Q==

universalify@^2.0.0:
  version "2.0.0"
  resolved "https://registry.yarnpkg.com/universalify/-/universalify-2.0.0.tgz#75a4984efedc4b08975c5aeb73f530d02df25717"
  integrity sha512-hAZsKq7Yy11Zu1DE0OzWjw7nnLZmJZYTDZZyEFHZdUhV8FkH5MCfoU1XMaxXovpyW5nq5scPqq0ZDP9Zyl04oQ==

web-streams-polyfill@^3.0.3:
  version "3.2.1"
  resolved "https://registry.yarnpkg.com/web-streams-polyfill/-/web-streams-polyfill-3.2.1.tgz#71c2718c52b45fd49dbeee88634b3a60ceab42a6"
  integrity sha512-e0MO3wdXWKrLbL0DgGnUV7WHVuw9OUvL4hjgnPkIeEvESk74gAITi5G606JtZPp39cd8HA9VQzCIvA49LpPN5Q==

wrap-ansi@^7.0.0:
  version "7.0.0"
  resolved "https://registry.yarnpkg.com/wrap-ansi/-/wrap-ansi-7.0.0.tgz#67e145cff510a6a6984bdf1152911d69d2eb9e43"
  integrity sha512-YVGIj2kamLSTxw6NsZjoBxfSwsn0ycdesmc4p+Q21c5zPuZ1pl+NfxVdxPtdHvmNVOQ6XSYG4AUtyt/Fi7D16Q==
  dependencies:
    ansi-styles "^4.0.0"
    string-width "^4.1.0"
    strip-ansi "^6.0.0"

ws@^8.14.1, ws@^8.8.1:
  version "8.14.2"
  resolved "https://registry.yarnpkg.com/ws/-/ws-8.14.2.tgz#6c249a806eb2db7a20d26d51e7709eab7b2e6c7f"
  integrity sha512-wEBG1ftX4jcglPxgFCMJmZ2PLtSbJ2Peg6TmpJFTbe9GZYOQCDPdMYu/Tm0/bGZkw8paZnJY45J4K2PZrLYq8g==

y18n@^5.0.5:
  version "5.0.8"
  resolved "https://registry.yarnpkg.com/y18n/-/y18n-5.0.8.tgz#7f4934d0f7ca8c56f95314939ddcd2dd91ce1d55"
  integrity sha512-0pfFzegeDWJHJIAmTLRP2DwHjdF5s7jo9tuztdQxAhINCdvS+3nGINqPd00AphqJR/0LhANUS6/+7SCb98YOfA==

yargs-parser@^21.1.1:
  version "21.1.1"
  resolved "https://registry.yarnpkg.com/yargs-parser/-/yargs-parser-21.1.1.tgz#9096bceebf990d21bb31fa9516e0ede294a77d35"
  integrity sha512-tVpsJW7DdjecAiFpbIB1e3qxIQsE6NoPc5/eTdrbbIC4h0LVsWhnoa3g+m2HclBIujHzsxZ4VJVA+GUuc2/LBw==

yargs@^17.7.2:
  version "17.7.2"
  resolved "https://registry.yarnpkg.com/yargs/-/yargs-17.7.2.tgz#991df39aca675a192b816e1e0363f9d75d2aa269"
  integrity sha512-7dSzzRQ++CKnNI/krKnYRV7JKKPUXMEh61soaHKg9mrWEhzFWhFnxPxGl+69cD1Ou63C13NUPCnmIcrvqCuM6w==
  dependencies:
    cliui "^8.0.1"
    escalade "^3.1.1"
    get-caller-file "^2.0.5"
    require-directory "^2.1.1"
    string-width "^4.2.3"
    y18n "^5.0.5"
    yargs-parser "^21.1.1"
