# THIS IS AN AUTOGENERATED FILE. DO NOT EDIT THIS FILE DIRECTLY.
# yarn lockfile v1


"@adraffy/ens-normalize@1.10.1":
  version "1.10.1"
  resolved "https://registry.yarnpkg.com/@adraffy/ens-normalize/-/ens-normalize-1.10.1.tgz#63430d04bd8c5e74f8d7d049338f1cd9d4f02069"
  integrity sha512-96Z2IP3mYmF1Xg2cDm8f1gWGf/HUVedQ3FMifV4kG/PQ4yEP51xDtRAEfhVNt5f/uzpNkZHwWQuUcu6D6K+Ekw==

"@esbuild/linux-loong64@0.14.54":
  version "0.14.54"
  resolved "https://registry.yarnpkg.com/@esbuild/linux-loong64/-/linux-loong64-0.14.54.tgz#de2a4be678bd4d0d1ffbb86e6de779cde5999028"
  integrity sha512-bZBrLAIX1kpWelV0XemxBZllyRmM6vgFQQG2GdNb+r3Fkp0FOh1NJSvekXDs7jq70k4euu1cryLMfU+mTXlEpw==

"@noble/curves@1.2.0":
  version "1.2.0"
  resolved "https://registry.yarnpkg.com/@noble/curves/-/curves-1.2.0.tgz#92d7e12e4e49b23105a2555c6984d41733d65c35"
  integrity sha512-oYclrNgRaM9SsBUBVbb8M6DTV7ZHRTKugureoYEncY5c65HOmRzvSiTE3y5CYaPYJA/GVkrhXEoF0M3Ya9PMnw==
  dependencies:
    "@noble/hashes" "1.3.2"

"@noble/curves@^1.3.0":
  version "1.6.0"
  resolved "https://registry.yarnpkg.com/@noble/curves/-/curves-1.6.0.tgz#be5296ebcd5a1730fccea4786d420f87abfeb40b"
  integrity sha512-TlaHRXDehJuRNR9TfZDNQ45mMEd5dwUwmicsafcIX4SsNiqnCHKjE/1alYPd/lDRVhxdhUAlv8uEhMCI5zjIJQ==
  dependencies:
    "@noble/hashes" "1.5.0"

"@noble/hashes@1.3.2":
  version "1.3.2"
  resolved "https://registry.yarnpkg.com/@noble/hashes/-/hashes-1.3.2.tgz#6f26dbc8fbc7205873ce3cee2f690eba0d421b39"
  integrity sha512-MVC8EAQp7MvEcm30KWENFjgR+Mkmf+D189XJTkFIlwohU5hcBbn1ZkKq7KVTi2Hme3PMGF390DaL52beVrIihQ==

"@noble/hashes@1.5.0", "@noble/hashes@^1.3.3":
  version "1.5.0"
  resolved "https://registry.yarnpkg.com/@noble/hashes/-/hashes-1.5.0.tgz#abadc5ca20332db2b1b2aa3e496e9af1213570b0"
  integrity sha512-1j6kQFb7QRru7eKN3ZDvRcP13rugwdxZqCjbiAVZfIJwgj2A65UmT4TgARXGlXgnRkORLTDTrO19ZErt7+QXgA==

"@polkadot/keyring@^13.0.2":
  version "13.1.1"
  resolved "https://registry.yarnpkg.com/@polkadot/keyring/-/keyring-13.1.1.tgz#14b85d4e73ebfa8ccb0fadcdee127e102624dc11"
  integrity sha512-Wm+9gn946GIPjGzvueObLGBBS9s541HE6mvKdWGEmPFMzH93ESN931RZlOd67my5MWryiSP05h5SHTp7bSaQTA==
  dependencies:
    "@polkadot/util" "13.1.1"
    "@polkadot/util-crypto" "13.1.1"
    tslib "^2.7.0"

"@polkadot/networks@13.1.1":
  version "13.1.1"
  resolved "https://registry.yarnpkg.com/@polkadot/networks/-/networks-13.1.1.tgz#e1a05ef6f78ffc37272c6474df7b55244b311f9c"
  integrity sha512-eEQ4+Mfl1xFtApeU5PdXZ2XBhxNSvUz9yW+YQVGUCkXRjWFbqNRsTOYWGd9uFbiAOXiiiXbtqfZpxSDzIm4XOg==
  dependencies:
    "@polkadot/util" "13.1.1"
    "@substrate/ss58-registry" "^1.50.0"
    tslib "^2.7.0"

"@polkadot/types-augment@12.4.2":
  version "12.4.2"
  resolved "https://registry.yarnpkg.com/@polkadot/types-augment/-/types-augment-12.4.2.tgz#8b8e278f4cbecbdd586470d31c27576e06e87074"
  integrity sha512-3fDCOy2BEMuAtMYl4crKg76bv/0pDNEuzpAzV4EBUMIlJwypmjy5sg3gUPCMcA+ckX3xb8DhkWU4ceUdS7T2KQ==
  dependencies:
    "@polkadot/types" "12.4.2"
    "@polkadot/types-codec" "12.4.2"
    "@polkadot/util" "^13.0.2"
    tslib "^2.6.3"

"@polkadot/types-codec@12.4.2":
  version "12.4.2"
  resolved "https://registry.yarnpkg.com/@polkadot/types-codec/-/types-codec-12.4.2.tgz#aa601ddbbe4bb28ef751e4565bd87037dee9a49b"
  integrity sha512-DiPGRFWtVMepD9i05eC3orSbGtpN7un/pXOrXu0oriU+oxLkpvZH68ZsPNtJhKdQy03cAYtvB8elJOFJZYqoqQ==
  dependencies:
    "@polkadot/util" "^13.0.2"
    "@polkadot/x-bigint" "^13.0.2"
    tslib "^2.6.3"

"@polkadot/types-create@12.4.2":
  version "12.4.2"
  resolved "https://registry.yarnpkg.com/@polkadot/types-create/-/types-create-12.4.2.tgz#1113746ab92694c3402abc59feb3e3fcaf980997"
  integrity sha512-nOpeAKZLdSqNMfzS3waQXgyPPaNt8rUHEmR5+WNv6c/Ke/vyf710wjxiTewfp0wpBgtdrimlgG4DLX1J9Ms1LA==
  dependencies:
    "@polkadot/types-codec" "12.4.2"
    "@polkadot/util" "^13.0.2"
    tslib "^2.6.3"

"@polkadot/types@12.4.2", "@polkadot/types@^12.2.1":
  version "12.4.2"
  resolved "https://registry.yarnpkg.com/@polkadot/types/-/types-12.4.2.tgz#948e0191b30c37f0d89b8e120174d6be31ed9f9d"
  integrity sha512-ivYtt7hYcRvo69ULb1BJA9BE1uefijXcaR089Dzosr9+sMzvsB1yslNQReOq+Wzq6h6AQj4qex6qVqjWZE6Z4A==
  dependencies:
    "@polkadot/keyring" "^13.0.2"
    "@polkadot/types-augment" "12.4.2"
    "@polkadot/types-codec" "12.4.2"
    "@polkadot/types-create" "12.4.2"
    "@polkadot/util" "^13.0.2"
    "@polkadot/util-crypto" "^13.0.2"
    rxjs "^7.8.1"
    tslib "^2.6.3"

"@polkadot/util-crypto@13.1.1", "@polkadot/util-crypto@^13.0.2":
  version "13.1.1"
  resolved "https://registry.yarnpkg.com/@polkadot/util-crypto/-/util-crypto-13.1.1.tgz#26960046a9bd6b3b63dc9b006c1a24dc6391b875"
  integrity sha512-FG68rrLPdfLcscEyH10vnGkakM4O2lqr71S3GDhgc9WXaS8y9jisLgMPg8jbMHiQBJ3iKYkmtPKiLBowRslj2w==
  dependencies:
    "@noble/curves" "^1.3.0"
    "@noble/hashes" "^1.3.3"
    "@polkadot/networks" "13.1.1"
    "@polkadot/util" "13.1.1"
    "@polkadot/wasm-crypto" "^7.3.2"
    "@polkadot/wasm-util" "^7.3.2"
    "@polkadot/x-bigint" "13.1.1"
    "@polkadot/x-randomvalues" "13.1.1"
    "@scure/base" "^1.1.7"
    tslib "^2.7.0"

"@polkadot/util@13.1.1", "@polkadot/util@^13.0.2":
  version "13.1.1"
  resolved "https://registry.yarnpkg.com/@polkadot/util/-/util-13.1.1.tgz#9cbf81e8c48e2ac549dbe2a40384624870016658"
  integrity sha512-M4iQ5Um8tFdDmD7a96nPzfrEt+kxyWOqQDPqXyaax4QBnq/WCbq0jo8IO61uz55mdMQnGZvq8jd8uge4V6JzzQ==
  dependencies:
    "@polkadot/x-bigint" "13.1.1"
    "@polkadot/x-global" "13.1.1"
    "@polkadot/x-textdecoder" "13.1.1"
    "@polkadot/x-textencoder" "13.1.1"
    "@types/bn.js" "^5.1.5"
    bn.js "^5.2.1"
    tslib "^2.7.0"

"@polkadot/wasm-bridge@7.3.2":
  version "7.3.2"
  resolved "https://registry.yarnpkg.com/@polkadot/wasm-bridge/-/wasm-bridge-7.3.2.tgz#e1b01906b19e06cbca3d94f10f5666f2ae0baadc"
  integrity sha512-AJEXChcf/nKXd5Q/YLEV5dXQMle3UNT7jcXYmIffZAo/KI394a+/24PaISyQjoNC0fkzS1Q8T5pnGGHmXiVz2g==
  dependencies:
    "@polkadot/wasm-util" "7.3.2"
    tslib "^2.6.2"

"@polkadot/wasm-crypto-asmjs@7.3.2":
  version "7.3.2"
  resolved "https://registry.yarnpkg.com/@polkadot/wasm-crypto-asmjs/-/wasm-crypto-asmjs-7.3.2.tgz#c6d41bc4b48b5359d57a24ca3066d239f2d70a34"
  integrity sha512-QP5eiUqUFur/2UoF2KKKYJcesc71fXhQFLT3D4ZjG28Mfk2ZPI0QNRUfpcxVQmIUpV5USHg4geCBNuCYsMm20Q==
  dependencies:
    tslib "^2.6.2"

"@polkadot/wasm-crypto-init@7.3.2":
  version "7.3.2"
  resolved "https://registry.yarnpkg.com/@polkadot/wasm-crypto-init/-/wasm-crypto-init-7.3.2.tgz#7e1fe79ba978fb0a4a0f74a92d976299d38bc4b8"
  integrity sha512-FPq73zGmvZtnuJaFV44brze3Lkrki3b4PebxCy9Fplw8nTmisKo9Xxtfew08r0njyYh+uiJRAxPCXadkC9sc8g==
  dependencies:
    "@polkadot/wasm-bridge" "7.3.2"
    "@polkadot/wasm-crypto-asmjs" "7.3.2"
    "@polkadot/wasm-crypto-wasm" "7.3.2"
    "@polkadot/wasm-util" "7.3.2"
    tslib "^2.6.2"

"@polkadot/wasm-crypto-wasm@7.3.2":
  version "7.3.2"
  resolved "https://registry.yarnpkg.com/@polkadot/wasm-crypto-wasm/-/wasm-crypto-wasm-7.3.2.tgz#44e08ed5cf6499ce4a3aa7247071a5d01f6a74f4"
  integrity sha512-15wd0EMv9IXs5Abp1ZKpKKAVyZPhATIAHfKsyoWCEFDLSOA0/K0QGOxzrAlsrdUkiKZOq7uzSIgIDgW8okx2Mw==
  dependencies:
    "@polkadot/wasm-util" "7.3.2"
    tslib "^2.6.2"

"@polkadot/wasm-crypto@^7.3.2":
  version "7.3.2"
  resolved "https://registry.yarnpkg.com/@polkadot/wasm-crypto/-/wasm-crypto-7.3.2.tgz#61bbcd9e591500705c8c591e6aff7654bdc8afc9"
  integrity sha512-+neIDLSJ6jjVXsjyZ5oLSv16oIpwp+PxFqTUaZdZDoA2EyFRQB8pP7+qLsMNk+WJuhuJ4qXil/7XiOnZYZ+wxw==
  dependencies:
    "@polkadot/wasm-bridge" "7.3.2"
    "@polkadot/wasm-crypto-asmjs" "7.3.2"
    "@polkadot/wasm-crypto-init" "7.3.2"
    "@polkadot/wasm-crypto-wasm" "7.3.2"
    "@polkadot/wasm-util" "7.3.2"
    tslib "^2.6.2"

"@polkadot/wasm-util@7.3.2", "@polkadot/wasm-util@^7.3.2":
  version "7.3.2"
  resolved "https://registry.yarnpkg.com/@polkadot/wasm-util/-/wasm-util-7.3.2.tgz#4fe6370d2b029679b41a5c02cd7ebf42f9b28de1"
  integrity sha512-bmD+Dxo1lTZyZNxbyPE380wd82QsX+43mgCm40boyKrRppXEyQmWT98v/Poc7chLuskYb6X8IQ6lvvK2bGR4Tg==
  dependencies:
    tslib "^2.6.2"

"@polkadot/x-bigint@13.1.1", "@polkadot/x-bigint@^13.0.2":
  version "13.1.1"
  resolved "https://registry.yarnpkg.com/@polkadot/x-bigint/-/x-bigint-13.1.1.tgz#1a9036c9529ce15deab808bee7333bcbd3ab0078"
  integrity sha512-Cq4Y6fd9UWtRBZz8RX2tWEBL1IFwUtY6cL8p6HC9yhZtUR6OPjKZe6RIZQa9gSOoIuqZWd6PmtvSNGVH32yfkQ==
  dependencies:
    "@polkadot/x-global" "13.1.1"
    tslib "^2.7.0"

"@polkadot/x-global@13.1.1":
  version "13.1.1"
  resolved "https://registry.yarnpkg.com/@polkadot/x-global/-/x-global-13.1.1.tgz#1db0c16e45a20eddf682c98b1d3487619203c8a9"
  integrity sha512-DViIMmmEs29Qlsp058VTg2Mn7e3/CpGazNnKJrsBa0o1Ptxl13/4Z0fjqCpNi2GB+kaOsnREzxUORrHcU+PqcQ==
  dependencies:
    tslib "^2.7.0"

"@polkadot/x-randomvalues@13.1.1":
  version "13.1.1"
  resolved "https://registry.yarnpkg.com/@polkadot/x-randomvalues/-/x-randomvalues-13.1.1.tgz#e3fc6e77cdfe6f345fca7433dd92a914807a7e4f"
  integrity sha512-cXj4omwbgzQQSiBtV1ZBw+XhJUU3iz/DS6ghUnGllSZEK+fGqiyaNgeFQzDY0tKjm6kYaDpvtOHR3mHsbzDuTg==
  dependencies:
    "@polkadot/x-global" "13.1.1"
    tslib "^2.7.0"

"@polkadot/x-textdecoder@13.1.1":
  version "13.1.1"
  resolved "https://registry.yarnpkg.com/@polkadot/x-textdecoder/-/x-textdecoder-13.1.1.tgz#305e9a1be38aa435942bc2a73b088a2ca1c1c89b"
  integrity sha512-LpZ9KYc6HdBH+i86bCmun4g4GWMiWN/1Pzs0hNdanlQMfqp3UGzl1Dqp0nozMvjWAlvyG7ip235VgNMd8HEbqg==
  dependencies:
    "@polkadot/x-global" "13.1.1"
    tslib "^2.7.0"

"@polkadot/x-textencoder@13.1.1":
  version "13.1.1"
  resolved "https://registry.yarnpkg.com/@polkadot/x-textencoder/-/x-textencoder-13.1.1.tgz#2588c57c1fae68493a5588a156313d25b91a577e"
  integrity sha512-w1mT15B9ptN5CJNgN/A0CmBqD5y9OePjBdU6gmAd8KRhwXCF0MTBKcEZk1dHhXiXtX+28ULJWLrfefC5gxy69Q==
  dependencies:
    "@polkadot/x-global" "13.1.1"
    tslib "^2.7.0"

"@scure/base@^1.1.7":
  version "1.1.9"
  resolved "https://registry.yarnpkg.com/@scure/base/-/base-1.1.9.tgz#e5e142fbbfe251091f9c5f1dd4c834ac04c3dbd1"
  integrity sha512-8YKhl8GHiNI/pU2VMaofa2Tor7PJRAjwQLBBuilkJ9L5+13yVbC7JO/wS7piioAvPSwR3JKM1IJ/u4xQzbcXKg==

"@substrate/ss58-registry@^1.50.0":
  version "1.50.0"
  resolved "https://registry.yarnpkg.com/@substrate/ss58-registry/-/ss58-registry-1.50.0.tgz#2d2a3d060cd4eadd200e4538078461ba73e13d6d"
  integrity sha512-mkmlMlcC+MSd9rA+PN8ljGAm5fVZskvVwkXIsbx4NFwaT8kt38r7e9cyDWscG3z2Zn40POviZvEMrJSk+r2SgQ==

"@types/bn.js@^5.1.5":
  version "5.1.6"
  resolved "https://registry.yarnpkg.com/@types/bn.js/-/bn.js-5.1.6.tgz#9ba818eec0c85e4d3c679518428afdf611d03203"
  integrity sha512-Xh8vSwUeMKeYYrj3cX4lGQgFSF/N03r+tv4AiLl1SucqV+uTQpxRcnM8AkXKHwYP9ZPXOYXRr2KPXpVlIvqh9w==
  dependencies:
    "@types/node" "*"

"@types/node@*":
  version "22.6.0"
  resolved "https://registry.yarnpkg.com/@types/node/-/node-22.6.0.tgz#b604c9a628760221905c1b272fd6aee661f45042"
  integrity sha512-QyR8d5bmq+eR72TwQDfujwShHMcIrWIYsaQFtXRE58MHPTEKUNxjxvl0yS0qPMds5xbSDWtp7ZpvGFtd7dfMdQ==
  dependencies:
    undici-types "~6.19.2"

"@types/node@18.15.13":
  version "18.15.13"
  resolved "https://registry.yarnpkg.com/@types/node/-/node-18.15.13.tgz#f64277c341150c979e42b00e4ac289290c9df469"
  integrity sha512-N+0kuo9KgrUQ1Sn/ifDXsvg0TTleP7rIy4zOBGECxAljqvqfqpTfzx0Q1NUedOixRMBfe2Whhb056a42cWs26Q==

"@types/node@^14.14.6":
  version "14.18.63"
  resolved "https://registry.yarnpkg.com/@types/node/-/node-14.18.63.tgz#1788fa8da838dbb5f9ea994b834278205db6ca2b"
  integrity sha512-fAtCfv4jJg+ExtXhvCkCqUKZ+4ok/JQk01qDKhL5BDDoS3AxKXhV5/MAVUZyQnSEd2GT92fkgZl0pz0Q0AzcIQ==

aes-js@4.0.0-beta.5:
  version "4.0.0-beta.5"
  resolved "https://registry.yarnpkg.com/aes-js/-/aes-js-4.0.0-beta.5.tgz#8d2452c52adedebc3a3e28465d858c11ca315873"
  integrity sha512-G965FqalsNyrPqgEGON7nIx1e/OVENSgiEIzyC63haUMuvNnwIgIjMs52hlTCKhkBny7A2ORNlfY9Zu+jmGk1Q==

bn.js@^5.2.1:
  version "5.2.1"
  resolved "https://registry.yarnpkg.com/bn.js/-/bn.js-5.2.1.tgz#0bc527a6a0d18d0aa8d5b0538ce4a77dccfa7b70"
  integrity sha512-eXRvHzWyYPBuB4NBy0cmYQjGitUrtqwbvlzP3G6VFnNRbsZQIxQ10PbKKHt8gZ/HW/D/747aDl+QkDqg3KQLMQ==

esbuild-android-64@0.14.54:
  version "0.14.54"
  resolved "https://registry.yarnpkg.com/esbuild-android-64/-/esbuild-android-64-0.14.54.tgz#505f41832884313bbaffb27704b8bcaa2d8616be"
  integrity sha512-Tz2++Aqqz0rJ7kYBfz+iqyE3QMycD4vk7LBRyWaAVFgFtQ/O8EJOnVmTOiDWYZ/uYzB4kvP+bqejYdVKzE5lAQ==

esbuild-android-arm64@0.14.54:
  version "0.14.54"
  resolved "https://registry.yarnpkg.com/esbuild-android-arm64/-/esbuild-android-arm64-0.14.54.tgz#8ce69d7caba49646e009968fe5754a21a9871771"
  integrity sha512-F9E+/QDi9sSkLaClO8SOV6etqPd+5DgJje1F9lOWoNncDdOBL2YF59IhsWATSt0TLZbYCf3pNlTHvVV5VfHdvg==

esbuild-darwin-64@0.14.54:
  version "0.14.54"
  resolved "https://registry.yarnpkg.com/esbuild-darwin-64/-/esbuild-darwin-64-0.14.54.tgz#24ba67b9a8cb890a3c08d9018f887cc221cdda25"
  integrity sha512-jtdKWV3nBviOd5v4hOpkVmpxsBy90CGzebpbO9beiqUYVMBtSc0AL9zGftFuBon7PNDcdvNCEuQqw2x0wP9yug==

esbuild-darwin-arm64@0.14.54:
  version "0.14.54"
  resolved "https://registry.yarnpkg.com/esbuild-darwin-arm64/-/esbuild-darwin-arm64-0.14.54.tgz#3f7cdb78888ee05e488d250a2bdaab1fa671bf73"
  integrity sha512-OPafJHD2oUPyvJMrsCvDGkRrVCar5aVyHfWGQzY1dWnzErjrDuSETxwA2HSsyg2jORLY8yBfzc1MIpUkXlctmw==

esbuild-freebsd-64@0.14.54:
  version "0.14.54"
  resolved "https://registry.yarnpkg.com/esbuild-freebsd-64/-/esbuild-freebsd-64-0.14.54.tgz#09250f997a56ed4650f3e1979c905ffc40bbe94d"
  integrity sha512-OKwd4gmwHqOTp4mOGZKe/XUlbDJ4Q9TjX0hMPIDBUWWu/kwhBAudJdBoxnjNf9ocIB6GN6CPowYpR/hRCbSYAg==

esbuild-freebsd-arm64@0.14.54:
  version "0.14.54"
  resolved "https://registry.yarnpkg.com/esbuild-freebsd-arm64/-/esbuild-freebsd-arm64-0.14.54.tgz#bafb46ed04fc5f97cbdb016d86947a79579f8e48"
  integrity sha512-sFwueGr7OvIFiQT6WeG0jRLjkjdqWWSrfbVwZp8iMP+8UHEHRBvlaxL6IuKNDwAozNUmbb8nIMXa7oAOARGs1Q==

esbuild-linux-32@0.14.54:
  version "0.14.54"
  resolved "https://registry.yarnpkg.com/esbuild-linux-32/-/esbuild-linux-32-0.14.54.tgz#e2a8c4a8efdc355405325033fcebeb941f781fe5"
  integrity sha512-1ZuY+JDI//WmklKlBgJnglpUL1owm2OX+8E1syCD6UAxcMM/XoWd76OHSjl/0MR0LisSAXDqgjT3uJqT67O3qw==

esbuild-linux-64@0.14.54:
  version "0.14.54"
  resolved "https://registry.yarnpkg.com/esbuild-linux-64/-/esbuild-linux-64-0.14.54.tgz#de5fdba1c95666cf72369f52b40b03be71226652"
  integrity sha512-EgjAgH5HwTbtNsTqQOXWApBaPVdDn7XcK+/PtJwZLT1UmpLoznPd8c5CxqsH2dQK3j05YsB3L17T8vE7cp4cCg==

esbuild-linux-arm64@0.14.54:
  version "0.14.54"
  resolved "https://registry.yarnpkg.com/esbuild-linux-arm64/-/esbuild-linux-arm64-0.14.54.tgz#dae4cd42ae9787468b6a5c158da4c84e83b0ce8b"
  integrity sha512-WL71L+0Rwv+Gv/HTmxTEmpv0UgmxYa5ftZILVi2QmZBgX3q7+tDeOQNqGtdXSdsL8TQi1vIaVFHUPDe0O0kdig==

esbuild-linux-arm@0.14.54:
  version "0.14.54"
  resolved "https://registry.yarnpkg.com/esbuild-linux-arm/-/esbuild-linux-arm-0.14.54.tgz#a2c1dff6d0f21dbe8fc6998a122675533ddfcd59"
  integrity sha512-qqz/SjemQhVMTnvcLGoLOdFpCYbz4v4fUo+TfsWG+1aOu70/80RV6bgNpR2JCrppV2moUQkww+6bWxXRL9YMGw==

esbuild-linux-mips64le@0.14.54:
  version "0.14.54"
  resolved "https://registry.yarnpkg.com/esbuild-linux-mips64le/-/esbuild-linux-mips64le-0.14.54.tgz#d9918e9e4cb972f8d6dae8e8655bf9ee131eda34"
  integrity sha512-qTHGQB8D1etd0u1+sB6p0ikLKRVuCWhYQhAHRPkO+OF3I/iSlTKNNS0Lh2Oc0g0UFGguaFZZiPJdJey3AGpAlw==

esbuild-linux-ppc64le@0.14.54:
  version "0.14.54"
  resolved "https://registry.yarnpkg.com/esbuild-linux-ppc64le/-/esbuild-linux-ppc64le-0.14.54.tgz#3f9a0f6d41073fb1a640680845c7de52995f137e"
  integrity sha512-j3OMlzHiqwZBDPRCDFKcx595XVfOfOnv68Ax3U4UKZ3MTYQB5Yz3X1mn5GnodEVYzhtZgxEBidLWeIs8FDSfrQ==

esbuild-linux-riscv64@0.14.54:
  version "0.14.54"
  resolved "https://registry.yarnpkg.com/esbuild-linux-riscv64/-/esbuild-linux-riscv64-0.14.54.tgz#618853c028178a61837bc799d2013d4695e451c8"
  integrity sha512-y7Vt7Wl9dkOGZjxQZnDAqqn+XOqFD7IMWiewY5SPlNlzMX39ocPQlOaoxvT4FllA5viyV26/QzHtvTjVNOxHZg==

esbuild-linux-s390x@0.14.54:
  version "0.14.54"
  resolved "https://registry.yarnpkg.com/esbuild-linux-s390x/-/esbuild-linux-s390x-0.14.54.tgz#d1885c4c5a76bbb5a0fe182e2c8c60eb9e29f2a6"
  integrity sha512-zaHpW9dziAsi7lRcyV4r8dhfG1qBidQWUXweUjnw+lliChJqQr+6XD71K41oEIC3Mx1KStovEmlzm+MkGZHnHA==

esbuild-netbsd-64@0.14.54:
  version "0.14.54"
  resolved "https://registry.yarnpkg.com/esbuild-netbsd-64/-/esbuild-netbsd-64-0.14.54.tgz#69ae917a2ff241b7df1dbf22baf04bd330349e81"
  integrity sha512-PR01lmIMnfJTgeU9VJTDY9ZerDWVFIUzAtJuDHwwceppW7cQWjBBqP48NdeRtoP04/AtO9a7w3viI+PIDr6d+w==

esbuild-openbsd-64@0.14.54:
  version "0.14.54"
  resolved "https://registry.yarnpkg.com/esbuild-openbsd-64/-/esbuild-openbsd-64-0.14.54.tgz#db4c8495287a350a6790de22edea247a57c5d47b"
  integrity sha512-Qyk7ikT2o7Wu76UsvvDS5q0amJvmRzDyVlL0qf5VLsLchjCa1+IAvd8kTBgUxD7VBUUVgItLkk609ZHUc1oCaw==

esbuild-sunos-64@0.14.54:
  version "0.14.54"
  resolved "https://registry.yarnpkg.com/esbuild-sunos-64/-/esbuild-sunos-64-0.14.54.tgz#54287ee3da73d3844b721c21bc80c1dc7e1bf7da"
  integrity sha512-28GZ24KmMSeKi5ueWzMcco6EBHStL3B6ubM7M51RmPwXQGLe0teBGJocmWhgwccA1GeFXqxzILIxXpHbl9Q/Kw==

esbuild-windows-32@0.14.54:
  version "0.14.54"
  resolved "https://registry.yarnpkg.com/esbuild-windows-32/-/esbuild-windows-32-0.14.54.tgz#f8aaf9a5667630b40f0fb3aa37bf01bbd340ce31"
  integrity sha512-T+rdZW19ql9MjS7pixmZYVObd9G7kcaZo+sETqNH4RCkuuYSuv9AGHUVnPoP9hhuE1WM1ZimHz1CIBHBboLU7w==

esbuild-windows-64@0.14.54:
  version "0.14.54"
  resolved "https://registry.yarnpkg.com/esbuild-windows-64/-/esbuild-windows-64-0.14.54.tgz#bf54b51bd3e9b0f1886ffdb224a4176031ea0af4"
  integrity sha512-AoHTRBUuYwXtZhjXZbA1pGfTo8cJo3vZIcWGLiUcTNgHpJJMC1rVA44ZereBHMJtotyN71S8Qw0npiCIkW96cQ==

esbuild-windows-arm64@0.14.54:
  version "0.14.54"
  resolved "https://registry.yarnpkg.com/esbuild-windows-arm64/-/esbuild-windows-arm64-0.14.54.tgz#937d15675a15e4b0e4fafdbaa3a01a776a2be982"
  integrity sha512-M0kuUvXhot1zOISQGXwWn6YtS+Y/1RT9WrVIOywZnJHo3jCDyewAc79aKNQWFCQm+xNHVTq9h8dZKvygoXQQRg==

esbuild@^0.14.27:
  version "0.14.54"
  resolved "https://registry.yarnpkg.com/esbuild/-/esbuild-0.14.54.tgz#8b44dcf2b0f1a66fc22459943dccf477535e9aa2"
  integrity sha512-Cy9llcy8DvET5uznocPyqL3BFRrFXSVqbgpMJ9Wz8oVjZlh/zUSNbPRbov0VX7VxN2JH1Oa0uNxZ7eLRb62pJA==
  optionalDependencies:
    "@esbuild/linux-loong64" "0.14.54"
    esbuild-android-64 "0.14.54"
    esbuild-android-arm64 "0.14.54"
    esbuild-darwin-64 "0.14.54"
    esbuild-darwin-arm64 "0.14.54"
    esbuild-freebsd-64 "0.14.54"
    esbuild-freebsd-arm64 "0.14.54"
    esbuild-linux-32 "0.14.54"
    esbuild-linux-64 "0.14.54"
    esbuild-linux-arm "0.14.54"
    esbuild-linux-arm64 "0.14.54"
    esbuild-linux-mips64le "0.14.54"
    esbuild-linux-ppc64le "0.14.54"
    esbuild-linux-riscv64 "0.14.54"
    esbuild-linux-s390x "0.14.54"
    esbuild-netbsd-64 "0.14.54"
    esbuild-openbsd-64 "0.14.54"
    esbuild-sunos-64 "0.14.54"
    esbuild-windows-32 "0.14.54"
    esbuild-windows-64 "0.14.54"
    esbuild-windows-arm64 "0.14.54"

ethers@^6.13.1:
  version "6.13.2"
  resolved "https://registry.yarnpkg.com/ethers/-/ethers-6.13.2.tgz#4b67d4b49e69b59893931a032560999e5e4419fe"
  integrity sha512-9VkriTTed+/27BGuY1s0hf441kqwHJ1wtN2edksEtiRvXx+soxRX3iSXTfFqq2+YwrOqbDoTHjIhQnjJRlzKmg==
  dependencies:
    "@adraffy/ens-normalize" "1.10.1"
    "@noble/curves" "1.2.0"
    "@noble/hashes" "1.3.2"
    "@types/node" "18.15.13"
    aes-js "4.0.0-beta.5"
    tslib "2.4.0"
    ws "8.17.1"

fsevents@~2.3.2:
  version "2.3.3"
  resolved "https://registry.yarnpkg.com/fsevents/-/fsevents-2.3.3.tgz#cac6407785d03675a2a5e1a5305c697b347d90d6"
  integrity sha512-5xoDfX+fL7faATnagmWPpbFtwh/R77WmMMqqHGS65C3vvB0YHrgF+B1YmZ3441tMj5n63k0212XNoJwzlhffQw==

function-bind@^1.1.2:
  version "1.1.2"
  resolved "https://registry.yarnpkg.com/function-bind/-/function-bind-1.1.2.tgz#2c02d864d97f3ea6c8830c464cbd11ab6eab7a1c"
  integrity sha512-7XHNxH7qX9xG5mIwxkhumTox/MIRNcOgDrxWsMt2pAr23WHp6MrRlN7FBSFpCpr+oVO0F744iUgR82nJMfG2SA==

hasown@^2.0.2:
  version "2.0.2"
  resolved "https://registry.yarnpkg.com/hasown/-/hasown-2.0.2.tgz#003eaf91be7adc372e84ec59dc37252cedb80003"
  integrity sha512-0hJU9SCPvmMzIBdZFqNPXWa6dqh7WdH0cII9y+CyS8rG3nL48Bclra9HmKhVVUHyPWNH5Y7xDwAB7bfgSjkUMQ==
  dependencies:
    function-bind "^1.1.2"

is-core-module@^2.13.0:
  version "2.15.1"
  resolved "https://registry.yarnpkg.com/is-core-module/-/is-core-module-2.15.1.tgz#a7363a25bee942fefab0de13bf6aa372c82dcc37"
  integrity sha512-z0vtXSwucUJtANQWldhbtbt7BnL0vxiFjIdDLAatwhDYty2bad6s+rijD6Ri4YuYJubLzIJLUidCh09e1djEVQ==
  dependencies:
    hasown "^2.0.2"

nanoid@^3.3.7:
  version "3.3.7"
  resolved "https://registry.yarnpkg.com/nanoid/-/nanoid-3.3.7.tgz#d0c301a691bc8d54efa0a2226ccf3fe2fd656bd8"
  integrity sha512-eSRppjcPIatRIMC1U6UngP8XFcz8MQWGQdt1MTBQ7NaAmvXDfvNxbvWV3x2y6CdEUciCSsDHDQZbhYaB8QEo2g==

path-parse@^1.0.7:
  version "1.0.7"
  resolved "https://registry.yarnpkg.com/path-parse/-/path-parse-1.0.7.tgz#fbc114b60ca42b30d9daf5858e4bd68bbedb6735"
  integrity sha512-LDJzPVEEEPR+y48z93A0Ed0yXb8pAByGWo/k5YYdYgpY2/2EsOsksJrq7lOHxryrVOn1ejG6oAp8ahvOIQD8sw==

picocolors@^1.1.0:
  version "1.1.0"
  resolved "https://registry.yarnpkg.com/picocolors/-/picocolors-1.1.0.tgz#5358b76a78cde483ba5cef6a9dc9671440b27d59"
  integrity sha512-TQ92mBOW0l3LeMeyLV6mzy/kWr8lkd/hp3mTg7wYK7zJhuBStmGMBG0BdeDZS/dZx1IukaX6Bk11zcln25o1Aw==

postcss@^8.4.13:
  version "8.4.47"
  resolved "https://registry.yarnpkg.com/postcss/-/postcss-8.4.47.tgz#5bf6c9a010f3e724c503bf03ef7947dcb0fea365"
  integrity sha512-56rxCq7G/XfB4EkXq9Egn5GCqugWvDFjafDOThIdMBsI15iqPqR5r15TfSr1YPYeEI19YeaXMCbY6u88Y76GLQ==
  dependencies:
    nanoid "^3.3.7"
    picocolors "^1.1.0"
    source-map-js "^1.2.1"

prettier@^3.3.3:
  version "3.3.3"
  resolved "https://registry.yarnpkg.com/prettier/-/prettier-3.3.3.tgz#30c54fe0be0d8d12e6ae61dbb10109ea00d53105"
  integrity sha512-i2tDNA0O5IrMO757lfrdQZCc2jPNDVntV0m/+4whiDfWaTKfMNgR7Qz0NAeGz/nRqF4m5/6CLzbP4/liHt12Ew==

resolve@^1.22.0:
  version "1.22.8"
  resolved "https://registry.yarnpkg.com/resolve/-/resolve-1.22.8.tgz#b6c87a9f2aa06dfab52e3d70ac8cde321fa5a48d"
  integrity sha512-oKWePCxqpd6FlLvGV1VU0x7bkPmmCNolxzjMf4NczoDnQcIWrAF+cPtZn5i6n+RfD2d9i0tzpKnG6Yk168yIyw==
  dependencies:
    is-core-module "^2.13.0"
    path-parse "^1.0.7"
    supports-preserve-symlinks-flag "^1.0.0"

"rollup@>=2.59.0 <2.78.0":
  version "2.77.3"
  resolved "https://registry.yarnpkg.com/rollup/-/rollup-2.77.3.tgz#8f00418d3a2740036e15deb653bed1a90ee0cc12"
  integrity sha512-/qxNTG7FbmefJWoeeYJFbHehJ2HNWnjkAFRKzWN/45eNBBF/r8lo992CwcJXEzyVxs5FmfId+vTSTQDb+bxA+g==
  optionalDependencies:
    fsevents "~2.3.2"

rxjs@^7.8.1:
  version "7.8.1"
  resolved "https://registry.yarnpkg.com/rxjs/-/rxjs-7.8.1.tgz#6f6f3d99ea8044291efd92e7c7fcf562c4057543"
  integrity sha512-AA3TVj+0A2iuIoQkWEK/tqFjBq2j+6PO6Y0zJcvzLAFhEFIO3HL0vls9hWLncZbAAbK0mar7oZ4V079I/qPMxg==
  dependencies:
    tslib "^2.1.0"

source-map-js@^1.2.1:
  version "1.2.1"
  resolved "https://registry.yarnpkg.com/source-map-js/-/source-map-js-1.2.1.tgz#1ce5650fddd87abc099eda37dcff024c2667ae46"
  integrity sha512-UXWMKhLOwVKb728IUtQPXxfYU+usdybtUrK/8uGE8CQMvrhOpwvzDBwj0QhSL7MQc7vIsISBG8VQ8+IDQxpfQA==

supports-preserve-symlinks-flag@^1.0.0:
  version "1.0.0"
  resolved "https://registry.yarnpkg.com/supports-preserve-symlinks-flag/-/supports-preserve-symlinks-flag-1.0.0.tgz#6eda4bd344a3c94aea376d4cc31bc77311039e09"
  integrity sha512-ot0WnXS9fgdkgIcePe6RHNk1WA8+muPa6cSjeR3V8K27q9BB1rTE3R1p7Hv0z1ZyAc8s6Vvv8DIyWf681MAt0w==

tslib@2.4.0:
  version "2.4.0"
  resolved "https://registry.yarnpkg.com/tslib/-/tslib-2.4.0.tgz#7cecaa7f073ce680a05847aa77be941098f36dc3"
  integrity sha512-d6xOpEDfsi2CZVlPQzGeux8XMwLT9hssAsaPYExaQMuYskwb+x1x7J371tWlbBdWHroy99KnVB6qIkUbs5X3UQ==

tslib@^2.1.0, tslib@^2.6.2, tslib@^2.6.3, tslib@^2.7.0:
  version "2.7.0"
  resolved "https://registry.yarnpkg.com/tslib/-/tslib-2.7.0.tgz#d9b40c5c40ab59e8738f297df3087bf1a2690c01"
  integrity sha512-gLXCKdN1/j47AiHiOkJN69hJmcbGTHI0ImLmbYLHykhgeN0jVGola9yVjFgzCUklsZQMW55o+dW7IXv3RCXDzA==

typescript@^4.1.2:
  version "4.9.5"
  resolved "https://registry.yarnpkg.com/typescript/-/typescript-4.9.5.tgz#095979f9bcc0d09da324d58d03ce8f8374cbe65a"
  integrity sha512-1FXk9E2Hm+QzZQ7z+McJiHL4NW1F2EzMu9Nq9i3zAaGqibafqYwCVU6WyWAuyQRRzOlxou8xZSyXLEN8oKj24g==

undici-types@~6.19.2:
  version "6.19.8"
  resolved "https://registry.yarnpkg.com/undici-types/-/undici-types-6.19.8.tgz#35111c9d1437ab83a7cdc0abae2f26d88eda0a02"
  integrity sha512-ve2KP6f/JnbPBFyobGHuerC9g1FYGn/F8n1LWTwNxCEzd6IfqTwUQcNXgEtmmQ6DlRrC1hrSrBnCZPokRrDHjw==

vite@^2.5.0:
  version "2.9.18"
  resolved "https://registry.yarnpkg.com/vite/-/vite-2.9.18.tgz#74e2a83b29da81e602dac4c293312cc575f091c7"
  integrity sha512-sAOqI5wNM9QvSEE70W3UGMdT8cyEn0+PmJMTFvTB8wB0YbYUWw3gUbY62AOyrXosGieF2htmeLATvNxpv/zNyQ==
  dependencies:
    esbuild "^0.14.27"
    postcss "^8.4.13"
    resolve "^1.22.0"
    rollup ">=2.59.0 <2.78.0"
  optionalDependencies:
    fsevents "~2.3.2"

ws@8.17.1:
  version "8.17.1"
  resolved "https://registry.yarnpkg.com/ws/-/ws-8.17.1.tgz#9293da530bb548febc95371d90f9c878727d919b"
  integrity sha512-6XQFvXTkbfUOZOKKILFG1PDK2NDQs4azKQl26T0YS5CxqWLgXajbPZ+h4gZekJyRqFU8pvnbAbbs/3TgRPy+GQ==
