{
  "name": "y",
  "version": "y",
  "lockfileVersion": 3,
  "requires": true,
  "packages": {
    "": {
      "name": "y",
      "version": "y",
      "license": "MIT",
      "dependencies": {
        "@polkadot/api": "^10.11",
        "@polkadot/util": "^12.6"
      }
    },
    "node_modules/@noble/curves": {
      "version": "1.3.0",
      "resolved": "https://registry.npmjs.org/@noble/curves/-/curves-1.3.0.tgz",
      "integrity": "sha512-t01iSXPuN+Eqzb4eBX0S5oubSqXbK/xXa1Ne18Hj8f9pStxztHCE2gfboSp/dZRLSqfuLpRK2nDXDK+W9puocA==",
      "dependencies": {
        "@noble/hashes": "1.3.3"
      },
      "funding": {
        "url": "https://paulmillr.com/funding/"
      }
    },
    "node_modules/@noble/hashes": {
      "version": "1.3.3",
      "resolved": "https://registry.npmjs.org/@noble/hashes/-/hashes-1.3.3.tgz",
      "integrity": "sha512-V7/fPHgl+jsVPXqqeOzT8egNj2iBIVt+ECeMMG8TdcnTikP3oaBtUVqpT/gYCR68aEBJSF+XbYUxStjbFMqIIA==",
      "engines": {
        "node": ">= 16"
      },
      "funding": {
        "url": "https://paulmillr.com/funding/"
      }
    },
    "node_modules/@polkadot/api": {
      "version": "10.11.2",
      "resolved": "https://registry.npmjs.org/@polkadot/api/-/api-10.11.2.tgz",
      "integrity": "sha512-AorCZxCWCoTtdbl4DPUZh+ACe/pbLIS1BkdQY0AFJuZllm0x/yWzjgampcPd5jQAA/O3iKShRBkZqj6Mk9yG/A==",
      "dependencies": {
        "@polkadot/api-augment": "10.11.2",
        "@polkadot/api-base": "10.11.2",
        "@polkadot/api-derive": "10.11.2",
        "@polkadot/keyring": "^12.6.2",
        "@polkadot/rpc-augment": "10.11.2",
        "@polkadot/rpc-core": "10.11.2",
        "@polkadot/rpc-provider": "10.11.2",
        "@polkadot/types": "10.11.2",
        "@polkadot/types-augment": "10.11.2",
        "@polkadot/types-codec": "10.11.2",
        "@polkadot/types-create": "10.11.2",
        "@polkadot/types-known": "10.11.2",
        "@polkadot/util": "^12.6.2",
        "@polkadot/util-crypto": "^12.6.2",
        "eventemitter3": "^5.0.1",
        "rxjs": "^7.8.1",
        "tslib": "^2.6.2"
      },
      "engines": {
        "node": ">=18"
      }
    },
    "node_modules/@polkadot/api-augment": {
      "version": "10.11.2",
      "resolved": "https://registry.npmjs.org/@polkadot/api-augment/-/api-augment-10.11.2.tgz",
      "integrity": "sha512-PTpnqpezc75qBqUtgrc0GYB8h9UHjfbHSRZamAbecIVAJ2/zc6CqtnldeaBlIu1IKTgBzi3FFtTyYu+ZGbNT2Q==",
      "dependencies": {
        "@polkadot/api-base": "10.11.2",
        "@polkadot/rpc-augment": "10.11.2",
        "@polkadot/types": "10.11.2",
        "@polkadot/types-augment": "10.11.2",
        "@polkadot/types-codec": "10.11.2",
        "@polkadot/util": "^12.6.2",
        "tslib": "^2.6.2"
      },
      "engines": {
        "node": ">=18"
      }
    },
    "node_modules/@polkadot/api-base": {
      "version": "10.11.2",
      "resolved": "https://registry.npmjs.org/@polkadot/api-base/-/api-base-10.11.2.tgz",
      "integrity": "sha512-4LIjaUfO9nOzilxo7XqzYKCNMtmUypdk8oHPdrRnSjKEsnK7vDsNi+979z2KXNXd2KFSCFHENmI523fYnMnReg==",
      "dependencies": {
        "@polkadot/rpc-core": "10.11.2",
        "@polkadot/types": "10.11.2",
        "@polkadot/util": "^12.6.2",
        "rxjs": "^7.8.1",
        "tslib": "^2.6.2"
      },
      "engines": {
        "node": ">=18"
      }
    },
    "node_modules/@polkadot/api-derive": {
      "version": "10.11.2",
      "resolved": "https://registry.npmjs.org/@polkadot/api-derive/-/api-derive-10.11.2.tgz",
      "integrity": "sha512-m3BQbPionkd1iSlknddxnL2hDtolPIsT+aRyrtn4zgMRPoLjHFmTmovvg8RaUyYofJtZeYrnjMw0mdxiSXx7eA==",
      "dependencies": {
        "@polkadot/api": "10.11.2",
        "@polkadot/api-augment": "10.11.2",
        "@polkadot/api-base": "10.11.2",
        "@polkadot/rpc-core": "10.11.2",
        "@polkadot/types": "10.11.2",
        "@polkadot/types-codec": "10.11.2",
        "@polkadot/util": "^12.6.2",
        "@polkadot/util-crypto": "^12.6.2",
        "rxjs": "^7.8.1",
        "tslib": "^2.6.2"
      },
      "engines": {
        "node": ">=18"
      }
    },
    "node_modules/@polkadot/keyring": {
      "version": "12.6.2",
      "resolved": "https://registry.npmjs.org/@polkadot/keyring/-/keyring-12.6.2.tgz",
      "integrity": "sha512-O3Q7GVmRYm8q7HuB3S0+Yf/q/EB2egKRRU3fv9b3B7V+A52tKzA+vIwEmNVaD1g5FKW9oB97rmpggs0zaKFqHw==",
      "dependencies": {
        "@polkadot/util": "12.6.2",
        "@polkadot/util-crypto": "12.6.2",
        "tslib": "^2.6.2"
      },
      "engines": {
        "node": ">=18"
      },
      "peerDependencies": {
        "@polkadot/util": "12.6.2",
        "@polkadot/util-crypto": "12.6.2"
      }
    },
    "node_modules/@polkadot/networks": {
      "version": "12.6.2",
      "resolved": "https://registry.npmjs.org/@polkadot/networks/-/networks-12.6.2.tgz",
      "integrity": "sha512-1oWtZm1IvPWqvMrldVH6NI2gBoCndl5GEwx7lAuQWGr7eNL+6Bdc5K3Z9T0MzFvDGoi2/CBqjX9dRKo39pDC/w==",
      "dependencies": {
        "@polkadot/util": "12.6.2",
        "@substrate/ss58-registry": "^1.44.0",
        "tslib": "^2.6.2"
      },
      "engines": {
        "node": ">=18"
      }
    },
    "node_modules/@polkadot/rpc-augment": {
      "version": "10.11.2",
      "resolved": "https://registry.npmjs.org/@polkadot/rpc-augment/-/rpc-augment-10.11.2.tgz",
      "integrity": "sha512-9AhT0WW81/8jYbRcAC6PRmuxXqNhJje8OYiulBQHbG1DTCcjAfz+6VQBke9BwTStzPq7d526+yyBKD17O3zlAA==",
      "dependencies": {
        "@polkadot/rpc-core": "10.11.2",
        "@polkadot/types": "10.11.2",
        "@polkadot/types-codec": "10.11.2",
        "@polkadot/util": "^12.6.2",
        "tslib": "^2.6.2"
      },
      "engines": {
        "node": ">=18"
      }
    },
    "node_modules/@polkadot/rpc-core": {
      "version": "10.11.2",
      "resolved": "https://registry.npmjs.org/@polkadot/rpc-core/-/rpc-core-10.11.2.tgz",
      "integrity": "sha512-Ot0CFLWx8sZhLZog20WDuniPA01Bk2StNDsdAQgcFKPwZw6ShPaZQCHuKLQK6I6DodOrem9FXX7c1hvoKJP5Ww==",
      "dependencies": {
        "@polkadot/rpc-augment": "10.11.2",
        "@polkadot/rpc-provider": "10.11.2",
        "@polkadot/types": "10.11.2",
        "@polkadot/util": "^12.6.2",
        "rxjs": "^7.8.1",
        "tslib": "^2.6.2"
      },
      "engines": {
        "node": ">=18"
      }
    },
    "node_modules/@polkadot/rpc-provider": {
      "version": "10.11.2",
      "resolved": "https://registry.npmjs.org/@polkadot/rpc-provider/-/rpc-provider-10.11.2.tgz",
      "integrity": "sha512-he5jWMpDJp7e+vUzTZDzpkB7ps3H8psRally+/ZvZZScPvFEjfczT7I1WWY9h58s8+ImeVP/lkXjL9h/gUOt3Q==",
      "dependencies": {
        "@polkadot/keyring": "^12.6.2",
        "@polkadot/types": "10.11.2",
        "@polkadot/types-support": "10.11.2",
        "@polkadot/util": "^12.6.2",
        "@polkadot/util-crypto": "^12.6.2",
        "@polkadot/x-fetch": "^12.6.2",
        "@polkadot/x-global": "^12.6.2",
        "@polkadot/x-ws": "^12.6.2",
        "eventemitter3": "^5.0.1",
        "mock-socket": "^9.3.1",
        "nock": "^13.4.0",
        "tslib": "^2.6.2"
      },
      "engines": {
        "node": ">=18"
      },
      "optionalDependencies": {
        "@substrate/connect": "0.7.35"
      }
    },
    "node_modules/@polkadot/types": {
      "version": "10.11.2",
      "resolved": "https://registry.npmjs.org/@polkadot/types/-/types-10.11.2.tgz",
      "integrity": "sha512-d52j3xXni+C8GdYZVTSfu8ROAnzXFMlyRvXtor0PudUc8UQHOaC4+mYAkTBGA2gKdmL8MHSfRSbhcxHhsikY6Q==",
      "dependencies": {
        "@polkadot/keyring": "^12.6.2",
        "@polkadot/types-augment": "10.11.2",
        "@polkadot/types-codec": "10.11.2",
        "@polkadot/types-create": "10.11.2",
        "@polkadot/util": "^12.6.2",
        "@polkadot/util-crypto": "^12.6.2",
        "rxjs": "^7.8.1",
        "tslib": "^2.6.2"
      },
      "engines": {
        "node": ">=18"
      }
    },
    "node_modules/@polkadot/types-augment": {
      "version": "10.11.2",
      "resolved": "https://registry.npmjs.org/@polkadot/types-augment/-/types-augment-10.11.2.tgz",
      "integrity": "sha512-8eB8ew04wZiE5GnmFvEFW1euJWmF62SGxb1O+8wL3zoUtB9Xgo1vB6w6xbTrd+HLV6jNSeXXnbbF1BEUvi9cNg==",
      "dependencies": {
        "@polkadot/types": "10.11.2",
        "@polkadot/types-codec": "10.11.2",
        "@polkadot/util": "^12.6.2",
        "tslib": "^2.6.2"
      },
      "engines": {
        "node": ">=18"
      }
    },
    "node_modules/@polkadot/types-codec": {
      "version": "10.11.2",
      "resolved": "https://registry.npmjs.org/@polkadot/types-codec/-/types-codec-10.11.2.tgz",
      "integrity": "sha512-3xjOQL+LOOMzYqlgP9ROL0FQnzU8lGflgYewzau7AsDlFziSEtb49a9BpYo6zil4koC+QB8zQ9OHGFumG08T8w==",
      "dependencies": {
        "@polkadot/util": "^12.6.2",
        "@polkadot/x-bigint": "^12.6.2",
        "tslib": "^2.6.2"
      },
      "engines": {
        "node": ">=18"
      }
    },
    "node_modules/@polkadot/types-create": {
      "version": "10.11.2",
      "resolved": "https://registry.npmjs.org/@polkadot/types-create/-/types-create-10.11.2.tgz",
      "integrity": "sha512-SJt23NxYvefRxVZZm6mT9ed1pR6FDoIGQ3xUpbjhTLfU2wuhpKjekMVorYQ6z/gK2JLMu2kV92Ardsz+6GX5XQ==",
      "dependencies": {
        "@polkadot/types-codec": "10.11.2",
        "@polkadot/util": "^12.6.2",
        "tslib": "^2.6.2"
      },
      "engines": {
        "node": ">=18"
      }
    },
    "node_modules/@polkadot/types-known": {
      "version": "10.11.2",
      "resolved": "https://registry.npmjs.org/@polkadot/types-known/-/types-known-10.11.2.tgz",
      "integrity": "sha512-kbEIX7NUQFxpDB0FFGNyXX/odY7jbp56RGD+Z4A731fW2xh/DgAQrI994xTzuh0c0EqPE26oQm3kATSpseqo9w==",
      "dependencies": {
        "@polkadot/networks": "^12.6.2",
        "@polkadot/types": "10.11.2",
        "@polkadot/types-codec": "10.11.2",
        "@polkadot/types-create": "10.11.2",
        "@polkadot/util": "^12.6.2",
        "tslib": "^2.6.2"
      },
      "engines": {
        "node": ">=18"
      }
    },
    "node_modules/@polkadot/types-support": {
      "version": "10.11.2",
      "resolved": "https://registry.npmjs.org/@polkadot/types-support/-/types-support-10.11.2.tgz",
      "integrity": "sha512-X11hoykFYv/3efg4coZy2hUOUc97JhjQMJLzDhHniFwGLlYU8MeLnPdCVGkXx0xDDjTo4/ptS1XpZ5HYcg+gRw==",
      "dependencies": {
        "@polkadot/util": "^12.6.2",
        "tslib": "^2.6.2"
      },
      "engines": {
        "node": ">=18"
      }
    },
    "node_modules/@polkadot/util": {
      "version": "12.6.2",
      "resolved": "https://registry.npmjs.org/@polkadot/util/-/util-12.6.2.tgz",
      "integrity": "sha512-l8TubR7CLEY47240uki0TQzFvtnxFIO7uI/0GoWzpYD/O62EIAMRsuY01N4DuwgKq2ZWD59WhzsLYmA5K6ksdw==",
      "dependencies": {
        "@polkadot/x-bigint": "12.6.2",
        "@polkadot/x-global": "12.6.2",
        "@polkadot/x-textdecoder": "12.6.2",
        "@polkadot/x-textencoder": "12.6.2",
        "@types/bn.js": "^5.1.5",
        "bn.js": "^5.2.1",
        "tslib": "^2.6.2"
      },
      "engines": {
        "node": ">=18"
      }
    },
    "node_modules/@polkadot/util-crypto": {
      "version": "12.6.2",
      "resolved": "https://registry.npmjs.org/@polkadot/util-crypto/-/util-crypto-12.6.2.tgz",
      "integrity": "sha512-FEWI/dJ7wDMNN1WOzZAjQoIcCP/3vz3wvAp5QQm+lOrzOLj0iDmaIGIcBkz8HVm3ErfSe/uKP0KS4jgV/ib+Mg==",
      "dependencies": {
        "@noble/curves": "^1.3.0",
        "@noble/hashes": "^1.3.3",
        "@polkadot/networks": "12.6.2",
        "@polkadot/util": "12.6.2",
        "@polkadot/wasm-crypto": "^7.3.2",
        "@polkadot/wasm-util": "^7.3.2",
        "@polkadot/x-bigint": "12.6.2",
        "@polkadot/x-randomvalues": "12.6.2",
        "@scure/base": "^1.1.5",
        "tslib": "^2.6.2"
      },
      "engines": {
        "node": ">=18"
      },
      "peerDependencies": {
        "@polkadot/util": "12.6.2"
      }
    },
    "node_modules/@polkadot/wasm-bridge": {
      "version": "7.3.2",
      "resolved": "https://registry.npmjs.org/@polkadot/wasm-bridge/-/wasm-bridge-7.3.2.tgz",
      "integrity": "sha512-AJEXChcf/nKXd5Q/YLEV5dXQMle3UNT7jcXYmIffZAo/KI394a+/24PaISyQjoNC0fkzS1Q8T5pnGGHmXiVz2g==",
      "dependencies": {
        "@polkadot/wasm-util": "7.3.2",
        "tslib": "^2.6.2"
      },
      "engines": {
        "node": ">=18"
      },
      "peerDependencies": {
        "@polkadot/util": "*",
        "@polkadot/x-randomvalues": "*"
      }
    },
    "node_modules/@polkadot/wasm-crypto": {
      "version": "7.3.2",
      "resolved": "https://registry.npmjs.org/@polkadot/wasm-crypto/-/wasm-crypto-7.3.2.tgz",
      "integrity": "sha512-+neIDLSJ6jjVXsjyZ5oLSv16oIpwp+PxFqTUaZdZDoA2EyFRQB8pP7+qLsMNk+WJuhuJ4qXil/7XiOnZYZ+wxw==",
      "dependencies": {
        "@polkadot/wasm-bridge": "7.3.2",
        "@polkadot/wasm-crypto-asmjs": "7.3.2",
        "@polkadot/wasm-crypto-init": "7.3.2",
        "@polkadot/wasm-crypto-wasm": "7.3.2",
        "@polkadot/wasm-util": "7.3.2",
        "tslib": "^2.6.2"
      },
      "engines": {
        "node": ">=18"
      },
      "peerDependencies": {
        "@polkadot/util": "*",
        "@polkadot/x-randomvalues": "*"
      }
    },
    "node_modules/@polkadot/wasm-crypto-asmjs": {
      "version": "7.3.2",
      "resolved": "https://registry.npmjs.org/@polkadot/wasm-crypto-asmjs/-/wasm-crypto-asmjs-7.3.2.tgz",
      "integrity": "sha512-QP5eiUqUFur/2UoF2KKKYJcesc71fXhQFLT3D4ZjG28Mfk2ZPI0QNRUfpcxVQmIUpV5USHg4geCBNuCYsMm20Q==",
      "dependencies": {
        "tslib": "^2.6.2"
      },
      "engines": {
        "node": ">=18"
      },
      "peerDependencies": {
        "@polkadot/util": "*"
      }
    },
    "node_modules/@polkadot/wasm-crypto-init": {
      "version": "7.3.2",
      "resolved": "https://registry.npmjs.org/@polkadot/wasm-crypto-init/-/wasm-crypto-init-7.3.2.tgz",
      "integrity": "sha512-FPq73zGmvZtnuJaFV44brze3Lkrki3b4PebxCy9Fplw8nTmisKo9Xxtfew08r0njyYh+uiJRAxPCXadkC9sc8g==",
      "dependencies": {
        "@polkadot/wasm-bridge": "7.3.2",
        "@polkadot/wasm-crypto-asmjs": "7.3.2",
        "@polkadot/wasm-crypto-wasm": "7.3.2",
        "@polkadot/wasm-util": "7.3.2",
        "tslib": "^2.6.2"
      },
      "engines": {
        "node": ">=18"
      },
      "peerDependencies": {
        "@polkadot/util": "*",
        "@polkadot/x-randomvalues": "*"
      }
    },
    "node_modules/@polkadot/wasm-crypto-wasm": {
      "version": "7.3.2",
      "resolved": "https://registry.npmjs.org/@polkadot/wasm-crypto-wasm/-/wasm-crypto-wasm-7.3.2.tgz",
      "integrity": "sha512-15wd0EMv9IXs5Abp1ZKpKKAVyZPhATIAHfKsyoWCEFDLSOA0/K0QGOxzrAlsrdUkiKZOq7uzSIgIDgW8okx2Mw==",
      "dependencies": {
        "@polkadot/wasm-util": "7.3.2",
        "tslib": "^2.6.2"
      },
      "engines": {
        "node": ">=18"
      },
      "peerDependencies": {
        "@polkadot/util": "*"
      }
    },
    "node_modules/@polkadot/wasm-util": {
      "version": "7.3.2",
      "resolved": "https://registry.npmjs.org/@polkadot/wasm-util/-/wasm-util-7.3.2.tgz",
      "integrity": "sha512-bmD+Dxo1lTZyZNxbyPE380wd82QsX+43mgCm40boyKrRppXEyQmWT98v/Poc7chLuskYb6X8IQ6lvvK2bGR4Tg==",
      "dependencies": {
        "tslib": "^2.6.2"
      },
      "engines": {
        "node": ">=18"
      },
      "peerDependencies": {
        "@polkadot/util": "*"
      }
    },
    "node_modules/@polkadot/x-bigint": {
      "version": "12.6.2",
      "resolved": "https://registry.npmjs.org/@polkadot/x-bigint/-/x-bigint-12.6.2.tgz",
      "integrity": "sha512-HSIk60uFPX4GOFZSnIF7VYJz7WZA7tpFJsne7SzxOooRwMTWEtw3fUpFy5cYYOeLh17/kHH1Y7SVcuxzVLc74Q==",
      "dependencies": {
        "@polkadot/x-global": "12.6.2",
        "tslib": "^2.6.2"
      },
      "engines": {
        "node": ">=18"
      }
    },
    "node_modules/@polkadot/x-fetch": {
      "version": "12.6.2",
      "resolved": "https://registry.npmjs.org/@polkadot/x-fetch/-/x-fetch-12.6.2.tgz",
      "integrity": "sha512-8wM/Z9JJPWN1pzSpU7XxTI1ldj/AfC8hKioBlUahZ8gUiJaOF7K9XEFCrCDLis/A1BoOu7Ne6WMx/vsJJIbDWw==",
      "dependencies": {
        "@polkadot/x-global": "12.6.2",
        "node-fetch": "^3.3.2",
        "tslib": "^2.6.2"
      },
      "engines": {
        "node": ">=18"
      }
    },
    "node_modules/@polkadot/x-global": {
      "version": "12.6.2",
      "resolved": "https://registry.npmjs.org/@polkadot/x-global/-/x-global-12.6.2.tgz",
      "integrity": "sha512-a8d6m+PW98jmsYDtAWp88qS4dl8DyqUBsd0S+WgyfSMtpEXu6v9nXDgPZgwF5xdDvXhm+P0ZfVkVTnIGrScb5g==",
      "dependencies": {
        "tslib": "^2.6.2"
      },
      "engines": {
        "node": ">=18"
      }
    },
    "node_modules/@polkadot/x-randomvalues": {
      "version": "12.6.2",
      "resolved": "https://registry.npmjs.org/@polkadot/x-randomvalues/-/x-randomvalues-12.6.2.tgz",
      "integrity": "sha512-Vr8uG7rH2IcNJwtyf5ebdODMcr0XjoCpUbI91Zv6AlKVYOGKZlKLYJHIwpTaKKB+7KPWyQrk4Mlym/rS7v9feg==",
      "dependencies": {
        "@polkadot/x-global": "12.6.2",
        "tslib": "^2.6.2"
      },
      "engines": {
        "node": ">=18"
      },
      "peerDependencies": {
        "@polkadot/util": "12.6.2",
        "@polkadot/wasm-util": "*"
      }
    },
    "node_modules/@polkadot/x-textdecoder": {
      "version": "12.6.2",
      "resolved": "https://registry.npmjs.org/@polkadot/x-textdecoder/-/x-textdecoder-12.6.2.tgz",
      "integrity": "sha512-M1Bir7tYvNappfpFWXOJcnxUhBUFWkUFIdJSyH0zs5LmFtFdbKAeiDXxSp2Swp5ddOZdZgPac294/o2TnQKN1w==",
      "dependencies": {
        "@polkadot/x-global": "12.6.2",
        "tslib": "^2.6.2"
      },
      "engines": {
        "node": ">=18"
      }
    },
    "node_modules/@polkadot/x-textencoder": {
      "version": "12.6.2",
      "resolved": "https://registry.npmjs.org/@polkadot/x-textencoder/-/x-textencoder-12.6.2.tgz",
      "integrity": "sha512-4N+3UVCpI489tUJ6cv3uf0PjOHvgGp9Dl+SZRLgFGt9mvxnvpW/7+XBADRMtlG4xi5gaRK7bgl5bmY6OMDsNdw==",
      "dependencies": {
        "@polkadot/x-global": "12.6.2",
        "tslib": "^2.6.2"
      },
      "engines": {
        "node": ">=18"
      }
    },
    "node_modules/@polkadot/x-ws": {
      "version": "12.6.2",
      "resolved": "https://registry.npmjs.org/@polkadot/x-ws/-/x-ws-12.6.2.tgz",
      "integrity": "sha512-cGZWo7K5eRRQCRl2LrcyCYsrc3lRbTlixZh3AzgU8uX4wASVGRlNWi/Hf4TtHNe1ExCDmxabJzdIsABIfrr7xw==",
      "dependencies": {
        "@polkadot/x-global": "12.6.2",
        "tslib": "^2.6.2",
        "ws": "^8.15.1"
      },
      "engines": {
        "node": ">=18"
      }
    },
    "node_modules/@scure/base": {
      "version": "1.1.5",
      "resolved": "https://registry.npmjs.org/@scure/base/-/base-1.1.5.tgz",
      "integrity": "sha512-Brj9FiG2W1MRQSTB212YVPRrcbjkv48FoZi/u4l/zds/ieRrqsh7aUf6CLwkAq61oKXr/ZlTzlY66gLIj3TFTQ==",
      "funding": {
        "url": "https://paulmillr.com/funding/"
      }
    },
    "node_modules/@substrate/connect": {
      "version": "0.7.35",
      "resolved": "https://registry.npmjs.org/@substrate/connect/-/connect-0.7.35.tgz",
      "integrity": "sha512-Io8vkalbwaye+7yXfG1Nj52tOOoJln2bMlc7Q9Yy3vEWqZEVkgKmcPVzbwV0CWL3QD+KMPDA2Dnw/X7EdwgoLw==",
      "hasInstallScript": true,
      "optional": true,
      "dependencies": {
        "@substrate/connect-extension-protocol": "^1.0.1",
        "smoldot": "2.0.7"
      }
    },
    "node_modules/@substrate/connect-extension-protocol": {
      "version": "1.0.1",
      "resolved": "https://registry.npmjs.org/@substrate/connect-extension-protocol/-/connect-extension-protocol-1.0.1.tgz",
      "integrity": "sha512-161JhCC1csjH3GE5mPLEd7HbWtwNSPJBg3p1Ksz9SFlTzj/bgEwudiRN2y5i0MoLGCIJRYKyKGMxVnd29PzNjg==",
      "optional": true
    },
    "node_modules/@substrate/ss58-registry": {
      "version": "1.44.0",
      "resolved": "https://registry.npmjs.org/@substrate/ss58-registry/-/ss58-registry-1.44.0.tgz",
      "integrity": "sha512-7lQ/7mMCzVNSEfDS4BCqnRnKCFKpcOaPrxMeGTXHX1YQzM/m2BBHjbK2C3dJvjv7GYxMiaTq/HdWQj1xS6ss+A=="
    },
    "node_modules/@types/bn.js": {
      "version": "5.1.5",
      "resolved": "https://registry.npmjs.org/@types/bn.js/-/bn.js-5.1.5.tgz",
      "integrity": "sha512-V46N0zwKRF5Q00AZ6hWtN0T8gGmDUaUzLWQvHFo5yThtVwK/VCenFY3wXVbOvNfajEpsTfQM4IN9k/d6gUVX3A==",
      "dependencies": {
        "@types/node": "*"
      }
    },
    "node_modules/@types/node": {
      "version": "20.10.5",
      "resolved": "https://registry.npmjs.org/@types/node/-/node-20.10.5.tgz",
      "integrity": "sha512-nNPsNE65wjMxEKI93yOP+NPGGBJz/PoN3kZsVLee0XMiJolxSekEVD8wRwBUBqkwc7UWop0edW50yrCQW4CyRw==",
      "dependencies": {
        "undici-types": "~5.26.4"
      }
    },
    "node_modules/bn.js": {
      "version": "5.2.1",
      "resolved": "https://registry.npmjs.org/bn.js/-/bn.js-5.2.1.tgz",
      "integrity": "sha512-eXRvHzWyYPBuB4NBy0cmYQjGitUrtqwbvlzP3G6VFnNRbsZQIxQ10PbKKHt8gZ/HW/D/747aDl+QkDqg3KQLMQ=="
    },
    "node_modules/data-uri-to-buffer": {
      "version": "4.0.1",
      "resolved": "https://registry.npmjs.org/data-uri-to-buffer/-/data-uri-to-buffer-4.0.1.tgz",
      "integrity": "sha512-0R9ikRb668HB7QDxT1vkpuUBtqc53YyAwMwGeUFKRojY/NWKvdZ+9UYtRfGmhqNbRkTSVpMbmyhXipFFv2cb/A==",
      "engines": {
        "node": ">= 12"
      }
    },
    "node_modules/debug": {
      "version": "4.3.4",
      "resolved": "https://registry.npmjs.org/debug/-/debug-4.3.4.tgz",
      "integrity": "sha512-PRWFHuSU3eDtQJPvnNY7Jcket1j0t5OuOsFzPPzsekD52Zl8qUfFIPEiswXqIvHWGVHOgX+7G/vCNNhehwxfkQ==",
      "dependencies": {
        "ms": "2.1.2"
      },
      "engines": {
        "node": ">=6.0"
      },
      "peerDependenciesMeta": {
        "supports-color": {
          "optional": true
        }
      }
    },
    "node_modules/eventemitter3": {
      "version": "5.0.1",
      "resolved": "https://registry.npmjs.org/eventemitter3/-/eventemitter3-5.0.1.tgz",
      "integrity": "sha512-GWkBvjiSZK87ELrYOSESUYeVIc9mvLLf/nXalMOS5dYrgZq9o5OVkbZAVM06CVxYsCwH9BDZFPlQTlPA1j4ahA=="
    },
    "node_modules/fetch-blob": {
      "version": "3.2.0",
      "resolved": "https://registry.npmjs.org/fetch-blob/-/fetch-blob-3.2.0.tgz",
      "integrity": "sha512-7yAQpD2UMJzLi1Dqv7qFYnPbaPx7ZfFK6PiIxQ4PfkGPyNyl2Ugx+a/umUonmKqjhM4DnfbMvdX6otXq83soQQ==",
      "funding": [
        {
          "type": "github",
          "url": "https://github.com/sponsors/jimmywarting"
        },
        {
          "type": "paypal",
          "url": "https://paypal.me/jimmywarting"
        }
      ],
      "dependencies": {
        "node-domexception": "^1.0.0",
        "web-streams-polyfill": "^3.0.3"
      },
      "engines": {
        "node": "^12.20 || >= 14.13"
      }
    },
    "node_modules/formdata-polyfill": {
      "version": "4.0.10",
      "resolved": "https://registry.npmjs.org/formdata-polyfill/-/formdata-polyfill-4.0.10.tgz",
      "integrity": "sha512-buewHzMvYL29jdeQTVILecSaZKnt/RJWjoZCF5OW60Z67/GmSLBkOFM7qh1PI3zFNtJbaZL5eQu1vLfazOwj4g==",
      "dependencies": {
        "fetch-blob": "^3.1.2"
      },
      "engines": {
        "node": ">=12.20.0"
      }
    },
    "node_modules/json-stringify-safe": {
      "version": "5.0.1",
      "resolved": "https://registry.npmjs.org/json-stringify-safe/-/json-stringify-safe-5.0.1.tgz",
      "integrity": "sha512-ZClg6AaYvamvYEE82d3Iyd3vSSIjQ+odgjaTzRuO3s7toCdFKczob2i0zCh7JE8kWn17yvAWhUVxvqGwUalsRA=="
    },
    "node_modules/mock-socket": {
      "version": "9.3.1",
      "resolved": "https://registry.npmjs.org/mock-socket/-/mock-socket-9.3.1.tgz",
      "integrity": "sha512-qxBgB7Qa2sEQgHFjj0dSigq7fX4k6Saisd5Nelwp2q8mlbAFh5dHV9JTTlF8viYJLSSWgMCZFUom8PJcMNBoJw==",
      "engines": {
        "node": ">= 8"
      }
    },
    "node_modules/ms": {
      "version": "2.1.2",
      "resolved": "https://registry.npmjs.org/ms/-/ms-2.1.2.tgz",
      "integrity": "sha512-sGkPx+VjMtmA6MX27oA4FBFELFCZZ4S4XqeGOXCv68tT+jb3vk/RyaKWP0PTKyWtmLSM0b+adUTEvbs1PEaH2w=="
    },
    "node_modules/nock": {
      "version": "13.4.0",
      "resolved": "https://registry.npmjs.org/nock/-/nock-13.4.0.tgz",
      "integrity": "sha512-W8NVHjO/LCTNA64yxAPHV/K47LpGYcVzgKd3Q0n6owhwvD0Dgoterc25R4rnZbckJEb6Loxz1f5QMuJpJnbSyQ==",
      "dependencies": {
        "debug": "^4.1.0",
        "json-stringify-safe": "^5.0.1",
        "propagate": "^2.0.0"
      },
      "engines": {
        "node": ">= 10.13"
      }
    },
    "node_modules/node-domexception": {
      "version": "1.0.0",
      "resolved": "https://registry.npmjs.org/node-domexception/-/node-domexception-1.0.0.tgz",
      "integrity": "sha512-/jKZoMpw0F8GRwl4/eLROPA3cfcXtLApP0QzLmUT/HuPCZWyB7IY9ZrMeKw2O/nFIqPQB3PVM9aYm0F312AXDQ==",
      "funding": [
        {
          "type": "github",
          "url": "https://github.com/sponsors/jimmywarting"
        },
        {
          "type": "github",
          "url": "https://paypal.me/jimmywarting"
        }
      ],
      "engines": {
        "node": ">=10.5.0"
      }
    },
    "node_modules/node-fetch": {
      "version": "3.3.2",
      "resolved": "https://registry.npmjs.org/node-fetch/-/node-fetch-3.3.2.tgz",
      "integrity": "sha512-dRB78srN/l6gqWulah9SrxeYnxeddIG30+GOqK/9OlLVyLg3HPnr6SqOWTWOXKRwC2eGYCkZ59NNuSgvSrpgOA==",
      "dependencies": {
        "data-uri-to-buffer": "^4.0.0",
        "fetch-blob": "^3.1.4",
        "formdata-polyfill": "^4.0.10"
      },
      "engines": {
        "node": "^12.20.0 || ^14.13.1 || >=16.0.0"
      },
      "funding": {
        "type": "opencollective",
        "url": "https://opencollective.com/node-fetch"
      }
    },
    "node_modules/propagate": {
      "version": "2.0.1",
      "resolved": "https://registry.npmjs.org/propagate/-/propagate-2.0.1.tgz",
      "integrity": "sha512-vGrhOavPSTz4QVNuBNdcNXePNdNMaO1xj9yBeH1ScQPjk/rhg9sSlCXPhMkFuaNNW/syTvYqsnbIJxMBfRbbag==",
      "engines": {
        "node": ">= 8"
      }
    },
    "node_modules/rxjs": {
      "version": "7.8.1",
      "resolved": "https://registry.npmjs.org/rxjs/-/rxjs-7.8.1.tgz",
      "integrity": "sha512-AA3TVj+0A2iuIoQkWEK/tqFjBq2j+6PO6Y0zJcvzLAFhEFIO3HL0vls9hWLncZbAAbK0mar7oZ4V079I/qPMxg==",
      "dependencies": {
        "tslib": "^2.1.0"
      }
    },
    "node_modules/smoldot": {
      "version": "2.0.7",
      "resolved": "https://registry.npmjs.org/smoldot/-/smoldot-2.0.7.tgz",
      "integrity": "sha512-VAOBqEen6vises36/zgrmAT1GWk2qE3X8AGnO7lmQFdskbKx8EovnwS22rtPAG+Y1Rk23/S22kDJUdPANyPkBA==",
      "optional": true,
      "dependencies": {
        "ws": "^8.8.1"
      }
    },
    "node_modules/tslib": {
      "version": "2.6.2",
      "resolved": "https://registry.npmjs.org/tslib/-/tslib-2.6.2.tgz",
      "integrity": "sha512-AEYxH93jGFPn/a2iVAwW87VuUIkR1FVUKB77NwMF7nBTDkDrrT/Hpt/IrCJ0QXhW27jTBDcf5ZY7w6RiqTMw2Q=="
    },
    "node_modules/undici-types": {
      "version": "5.26.5",
      "resolved": "https://registry.npmjs.org/undici-types/-/undici-types-5.26.5.tgz",
      "integrity": "sha512-JlCMO+ehdEIKqlFxk6IfVoAUVmgz7cU7zD/h9XZ0qzeosSHmUJVOzSQvvYSYWXkFXC+IfLKSIffhv0sVZup6pA=="
    },
    "node_modules/web-streams-polyfill": {
      "version": "3.2.1",
      "resolved": "https://registry.npmjs.org/web-streams-polyfill/-/web-streams-polyfill-3.2.1.tgz",
      "integrity": "sha512-e0MO3wdXWKrLbL0DgGnUV7WHVuw9OUvL4hjgnPkIeEvESk74gAITi5G606JtZPp39cd8HA9VQzCIvA49LpPN5Q==",
      "engines": {
        "node": ">= 8"
      }
    },
    "node_modules/ws": {
      "version": "8.16.0",
      "resolved": "https://registry.npmjs.org/ws/-/ws-8.16.0.tgz",
      "integrity": "sha512-HS0c//TP7Ina87TfiPUz1rQzMhHrl/SG2guqRcTOIUYD2q8uhUdNHZYJUaQ8aTGPzCh+c6oawMKW35nFl1dxyQ==",
      "engines": {
        "node": ">=10.0.0"
      },
      "peerDependencies": {
        "bufferutil": "^4.0.1",
        "utf-8-validate": ">=5.0.2"
      },
      "peerDependenciesMeta": {
        "bufferutil": {
          "optional": true
        },
        "utf-8-validate": {
          "optional": true
        }
      }
    }
  }
}
