{
	"name": "demo",
	"version": "0.0.0",
	"lockfileVersion": 3,
	"requires": true,
	"packages": {
		"": {
			"name": "demo",
			"version": "0.0.0",
			"dependencies": {
				"@parity/revive": "^0.0.9",
				"ethers": "^6.13.5",
				"solc": "^0.8.28",
				"viem": "^2.22.4"
			},
			"devDependencies": {
				"@types/bun": "^1.1.15",
				"prettier": "^3.4.2",
				"typescript": "^5.7.2",
				"vite": "^5.4.12"
			}
		},
		"node_modules/@adraffy/ens-normalize": {
			"version": "1.10.1",
			"license": "MIT"
		},
		"node_modules/@esbuild/linux-x64": {
			"version": "0.21.5",
			"cpu": [
				"x64"
			],
			"dev": true,
			"license": "MIT",
			"optional": true,
			"os": [
				"linux"
			],
			"engines": {
				"node": ">=12"
			}
		},
		"node_modules/@noble/curves": {
			"version": "1.2.0",
			"license": "MIT",
			"dependencies": {
				"@noble/hashes": "1.3.2"
			},
			"funding": {
				"url": "https://paulmillr.com/funding/"
			}
		},
		"node_modules/@noble/hashes": {
			"version": "1.3.2",
			"license": "MIT",
			"engines": {
				"node": ">= 16"
			},
			"funding": {
				"url": "https://paulmillr.com/funding/"
			}
		},
		"node_modules/@parity/revive": {
			"version": "0.0.9",
			"resolved": "https://registry.npmjs.org/@parity/revive/-/revive-0.0.9.tgz",
			"integrity": "sha512-s8z80yHuKYk9/z2I9M5BJtxcuUJpVAKATKelxDdxKS2DXo0smV+bQDKH3K6yYK+aFmvvQw92HDhCP6vsmfeSbw==",
			"license": "Apache-2.0",
			"dependencies": {
				"@types/node": "^22.9.0",
				"package-json": "^10.0.1",
				"solc": "^0.8.28"
			}
		},
		"node_modules/@parity/revive/node_modules/@types/node": {
			"version": "22.10.7",
			"resolved": "https://registry.npmjs.org/@types/node/-/node-22.10.7.tgz",
			"integrity": "sha512-V09KvXxFiutGp6B7XkpaDXlNadZxrzajcY50EuoLIpQ6WWYCSvf19lVIazzfIzQvhUN2HjX12spLojTnhuKlGg==",
			"license": "MIT",
			"dependencies": {
				"undici-types": "~6.20.0"
			}
		},
		"node_modules/@parity/revive/node_modules/undici-types": {
			"version": "6.20.0",
			"resolved": "https://registry.npmjs.org/undici-types/-/undici-types-6.20.0.tgz",
			"integrity": "sha512-Ny6QZ2Nju20vw1SRHe3d9jVu6gJ+4e3+MMpqu7pqE5HT6WsTSlce++GQmK5UXS8mzV8DSYHrQH+Xrf2jVcuKNg==",
			"license": "MIT"
		},
		"node_modules/@pnpm/config.env-replace": {
			"version": "1.1.0",
			"resolved": "https://registry.npmjs.org/@pnpm/config.env-replace/-/config.env-replace-1.1.0.tgz",
			"integrity": "sha512-htyl8TWnKL7K/ESFa1oW2UB5lVDxuF5DpM7tBi6Hu2LNL3mWkIzNLG6N4zoCUP1lCKNxWy/3iu8mS8MvToGd6w==",
			"license": "MIT",
			"engines": {
				"node": ">=12.22.0"
			}
		},
		"node_modules/@pnpm/network.ca-file": {
			"version": "1.0.2",
			"resolved": "https://registry.npmjs.org/@pnpm/network.ca-file/-/network.ca-file-1.0.2.tgz",
			"integrity": "sha512-YcPQ8a0jwYU9bTdJDpXjMi7Brhkr1mXsXrUJvjqM2mQDgkRiz8jFaQGOdaLxgjtUfQgZhKy/O3cG/YwmgKaxLA==",
			"license": "MIT",
			"dependencies": {
				"graceful-fs": "4.2.10"
			},
			"engines": {
				"node": ">=12.22.0"
			}
		},
		"node_modules/@pnpm/npm-conf": {
			"version": "2.3.1",
			"resolved": "https://registry.npmjs.org/@pnpm/npm-conf/-/npm-conf-2.3.1.tgz",
			"integrity": "sha512-c83qWb22rNRuB0UaVCI0uRPNRr8Z0FWnEIvT47jiHAmOIUHbBOg5XvV7pM5x+rKn9HRpjxquDbXYSXr3fAKFcw==",
			"license": "MIT",
			"dependencies": {
				"@pnpm/config.env-replace": "^1.1.0",
				"@pnpm/network.ca-file": "^1.0.1",
				"config-chain": "^1.1.11"
			},
			"engines": {
				"node": ">=12"
			}
		},
		"node_modules/@rollup/rollup-linux-x64-gnu": {
			"version": "4.24.0",
			"cpu": [
				"x64"
			],
			"dev": true,
			"license": "MIT",
			"optional": true,
			"os": [
				"linux"
			]
		},
		"node_modules/@rollup/rollup-linux-x64-musl": {
			"version": "4.24.0",
			"cpu": [
				"x64"
			],
			"dev": true,
			"license": "MIT",
			"optional": true,
			"os": [
				"linux"
			]
		},
		"node_modules/@scure/base": {
			"version": "1.2.4",
			"resolved": "https://registry.npmjs.org/@scure/base/-/base-1.2.4.tgz",
			"integrity": "sha512-5Yy9czTO47mqz+/J8GM6GIId4umdCk1wc1q8rKERQulIoc8VP9pzDcghv10Tl2E7R96ZUx/PhND3ESYUQX8NuQ==",
			"license": "MIT",
			"funding": {
				"url": "https://paulmillr.com/funding/"
			}
		},
		"node_modules/@scure/bip32": {
			"version": "1.6.0",
			"resolved": "https://registry.npmjs.org/@scure/bip32/-/bip32-1.6.0.tgz",
			"integrity": "sha512-82q1QfklrUUdXJzjuRU7iG7D7XiFx5PHYVS0+oeNKhyDLT7WPqs6pBcM2W5ZdwOwKCwoE1Vy1se+DHjcXwCYnA==",
			"license": "MIT",
			"dependencies": {
				"@noble/curves": "~1.7.0",
				"@noble/hashes": "~1.6.0",
				"@scure/base": "~1.2.1"
			},
			"funding": {
				"url": "https://paulmillr.com/funding/"
			}
		},
		"node_modules/@scure/bip32/node_modules/@noble/curves": {
			"version": "1.7.0",
			"resolved": "https://registry.npmjs.org/@noble/curves/-/curves-1.7.0.tgz",
			"integrity": "sha512-UTMhXK9SeDhFJVrHeUJ5uZlI6ajXg10O6Ddocf9S6GjbSBVZsJo88HzKwXznNfGpMTRDyJkqMjNDPYgf0qFWnw==",
			"license": "MIT",
			"dependencies": {
				"@noble/hashes": "1.6.0"
			},
			"engines": {
				"node": "^14.21.3 || >=16"
			},
			"funding": {
				"url": "https://paulmillr.com/funding/"
			}
		},
		"node_modules/@scure/bip32/node_modules/@noble/curves/node_modules/@noble/hashes": {
			"version": "1.6.0",
			"resolved": "https://registry.npmjs.org/@noble/hashes/-/hashes-1.6.0.tgz",
			"integrity": "sha512-YUULf0Uk4/mAA89w+k3+yUYh6NrEvxZa5T6SY3wlMvE2chHkxFUUIDI8/XW1QSC357iA5pSnqt7XEhvFOqmDyQ==",
			"license": "MIT",
			"engines": {
				"node": "^14.21.3 || >=16"
			},
			"funding": {
				"url": "https://paulmillr.com/funding/"
			}
		},
		"node_modules/@scure/bip32/node_modules/@noble/hashes": {
			"version": "1.6.1",
			"resolved": "https://registry.npmjs.org/@noble/hashes/-/hashes-1.6.1.tgz",
			"integrity": "sha512-pq5D8h10hHBjyqX+cfBm0i8JUXJ0UhczFc4r74zbuT9XgewFo2E3J1cOaGtdZynILNmQ685YWGzGE1Zv6io50w==",
			"license": "MIT",
			"engines": {
				"node": "^14.21.3 || >=16"
			},
			"funding": {
				"url": "https://paulmillr.com/funding/"
			}
		},
		"node_modules/@scure/bip39": {
			"version": "1.5.0",
			"resolved": "https://registry.npmjs.org/@scure/bip39/-/bip39-1.5.0.tgz",
			"integrity": "sha512-Dop+ASYhnrwm9+HA/HwXg7j2ZqM6yk2fyLWb5znexjctFY3+E+eU8cIWI0Pql0Qx4hPZCijlGq4OL71g+Uz30A==",
			"license": "MIT",
			"dependencies": {
				"@noble/hashes": "~1.6.0",
				"@scure/base": "~1.2.1"
			},
			"funding": {
				"url": "https://paulmillr.com/funding/"
			}
		},
		"node_modules/@scure/bip39/node_modules/@noble/hashes": {
			"version": "1.6.1",
			"resolved": "https://registry.npmjs.org/@noble/hashes/-/hashes-1.6.1.tgz",
			"integrity": "sha512-pq5D8h10hHBjyqX+cfBm0i8JUXJ0UhczFc4r74zbuT9XgewFo2E3J1cOaGtdZynILNmQ685YWGzGE1Zv6io50w==",
			"license": "MIT",
			"engines": {
				"node": "^14.21.3 || >=16"
			},
			"funding": {
				"url": "https://paulmillr.com/funding/"
			}
		},
		"node_modules/@types/bun": {
			"version": "1.1.18",
			"resolved": "https://registry.npmjs.org/@types/bun/-/bun-1.1.18.tgz",
			"integrity": "sha512-gtw6cIv/8Q530D0BmoYnjEzR65SjVq2SaUE0NeU6tbm7QBMsTZ61/NBNERtK/FUJaoi7PiteUohK7JcrXBCkvw==",
			"dev": true,
			"license": "MIT",
			"dependencies": {
				"bun-types": "1.1.44"
			}
		},
		"node_modules/@types/estree": {
			"version": "1.0.6",
			"dev": true,
			"license": "MIT"
		},
		"node_modules/@types/node": {
			"version": "22.7.5",
			"resolved": "https://registry.npmjs.org/@types/node/-/node-22.7.5.tgz",
			"integrity": "sha512-jML7s2NAzMWc//QSJ1a3prpk78cOPchGvXJsC3C6R6PSMoooztvRVQEz89gmBTBY1SPMaqo5teB4uNHPdetShQ==",
			"license": "MIT",
			"dependencies": {
				"undici-types": "~6.19.2"
			}
		},
		"node_modules/@types/ws": {
			"version": "8.5.13",
			"resolved": "https://registry.npmjs.org/@types/ws/-/ws-8.5.13.tgz",
			"integrity": "sha512-osM/gWBTPKgHV8XkTunnegTRIsvF6owmf5w+JtAfOw472dptdm0dlGv4xCt6GwQRcC2XVOvvRE/0bAoQcL2QkA==",
			"dev": true,
			"license": "MIT",
			"dependencies": {
				"@types/node": "*"
			}
		},
		"node_modules/abitype": {
			"version": "1.0.7",
			"resolved": "https://registry.npmjs.org/abitype/-/abitype-1.0.7.tgz",
			"integrity": "sha512-ZfYYSktDQUwc2eduYu8C4wOs+RDPmnRYMh7zNfzeMtGGgb0U+6tLGjixUic6mXf5xKKCcgT5Qp6cv39tOARVFw==",
			"license": "MIT",
			"funding": {
				"url": "https://github.com/sponsors/wevm"
			},
			"peerDependencies": {
				"typescript": ">=5.0.4",
				"zod": "^3 >=3.22.0"
			},
			"peerDependenciesMeta": {
				"typescript": {
					"optional": true
				},
				"zod": {
					"optional": true
				}
			}
		},
		"node_modules/aes-js": {
			"version": "4.0.0-beta.5",
			"license": "MIT"
		},
		"node_modules/bun-types": {
			"version": "1.1.44",
			"resolved": "https://registry.npmjs.org/bun-types/-/bun-types-1.1.44.tgz",
			"integrity": "sha512-jtcekoZeSINgEcHSISzhR13w/cyE+Fankw2Cpl4c0fN3lRmKVAX0i9ay4FyK4lOxUK1HG4HkuIlrPvXKz4Y7sw==",
			"dev": true,
			"license": "MIT",
			"dependencies": {
				"@types/node": "~20.12.8",
				"@types/ws": "~8.5.10"
			}
		},
		"node_modules/bun-types/node_modules/@types/node": {
			"version": "20.12.14",
			"resolved": "https://registry.npmjs.org/@types/node/-/node-20.12.14.tgz",
			"integrity": "sha512-scnD59RpYD91xngrQQLGkE+6UrHUPzeKZWhhjBSa3HSkwjbQc38+q3RoIVEwxQGRw3M+j5hpNAM+lgV3cVormg==",
			"dev": true,
			"license": "MIT",
			"dependencies": {
				"undici-types": "~5.26.4"
			}
		},
		"node_modules/bun-types/node_modules/undici-types": {
			"version": "5.26.5",
			"resolved": "https://registry.npmjs.org/undici-types/-/undici-types-5.26.5.tgz",
			"integrity": "sha512-JlCMO+ehdEIKqlFxk6IfVoAUVmgz7cU7zD/h9XZ0qzeosSHmUJVOzSQvvYSYWXkFXC+IfLKSIffhv0sVZup6pA==",
			"dev": true,
			"license": "MIT"
		},
		"node_modules/command-exists": {
			"version": "1.2.9",
			"resolved": "https://registry.npmjs.org/command-exists/-/command-exists-1.2.9.tgz",
			"integrity": "sha512-LTQ/SGc+s0Xc0Fu5WaKnR0YiygZkm9eKFvyS+fRsU7/ZWFF8ykFM6Pc9aCVf1+xasOOZpO3BAVgVrKvsqKHV7w==",
			"license": "MIT"
		},
		"node_modules/commander": {
			"version": "8.3.0",
			"resolved": "https://registry.npmjs.org/commander/-/commander-8.3.0.tgz",
			"integrity": "sha512-OkTL9umf+He2DZkUq8f8J9of7yL6RJKI24dVITBmNfZBmri9zYZQrKkuXiKhyfPSu8tUhnVBB1iKXevvnlR4Ww==",
			"license": "MIT",
			"engines": {
				"node": ">= 12"
			}
		},
		"node_modules/config-chain": {
			"version": "1.1.13",
			"resolved": "https://registry.npmjs.org/config-chain/-/config-chain-1.1.13.tgz",
			"integrity": "sha512-qj+f8APARXHrM0hraqXYb2/bOVSV4PvJQlNZ/DVj0QrmNM2q2euizkeuVckQ57J+W0mRH6Hvi+k50M4Jul2VRQ==",
			"license": "MIT",
			"dependencies": {
				"ini": "^1.3.4",
				"proto-list": "~1.2.1"
			}
		},
		"node_modules/deep-extend": {
			"version": "0.6.0",
			"resolved": "https://registry.npmjs.org/deep-extend/-/deep-extend-0.6.0.tgz",
			"integrity": "sha512-LOHxIOaPYdHlJRtCQfDIVZtfw/ufM8+rVj649RIHzcm/vGwQRXFt6OPqIFWsm2XEMrNIEtWR64sY1LEKD2vAOA==",
			"license": "MIT",
			"engines": {
				"node": ">=4.0.0"
			}
		},
		"node_modules/esbuild": {
			"version": "0.21.5",
			"dev": true,
			"hasInstallScript": true,
			"license": "MIT",
			"bin": {
				"esbuild": "bin/esbuild"
			},
			"engines": {
				"node": ">=12"
			},
			"optionalDependencies": {
				"@esbuild/aix-ppc64": "0.21.5",
				"@esbuild/android-arm": "0.21.5",
				"@esbuild/android-arm64": "0.21.5",
				"@esbuild/android-x64": "0.21.5",
				"@esbuild/darwin-arm64": "0.21.5",
				"@esbuild/darwin-x64": "0.21.5",
				"@esbuild/freebsd-arm64": "0.21.5",
				"@esbuild/freebsd-x64": "0.21.5",
				"@esbuild/linux-arm": "0.21.5",
				"@esbuild/linux-arm64": "0.21.5",
				"@esbuild/linux-ia32": "0.21.5",
				"@esbuild/linux-loong64": "0.21.5",
				"@esbuild/linux-mips64el": "0.21.5",
				"@esbuild/linux-ppc64": "0.21.5",
				"@esbuild/linux-riscv64": "0.21.5",
				"@esbuild/linux-s390x": "0.21.5",
				"@esbuild/linux-x64": "0.21.5",
				"@esbuild/netbsd-x64": "0.21.5",
				"@esbuild/openbsd-x64": "0.21.5",
				"@esbuild/sunos-x64": "0.21.5",
				"@esbuild/win32-arm64": "0.21.5",
				"@esbuild/win32-ia32": "0.21.5",
				"@esbuild/win32-x64": "0.21.5"
			}
		},
		"node_modules/ethers": {
			"version": "6.13.5",
			"resolved": "https://registry.npmjs.org/ethers/-/ethers-6.13.5.tgz",
			"integrity": "sha512-+knKNieu5EKRThQJWwqaJ10a6HE9sSehGeqWN65//wE7j47ZpFhKAnHB/JJFibwwg61I/koxaPsXbXpD/skNOQ==",
			"funding": [
				{
					"type": "individual",
					"url": "https://github.com/sponsors/ethers-io/"
				},
				{
					"type": "individual",
					"url": "https://www.buymeacoffee.com/ricmoo"
				}
			],
			"license": "MIT",
			"dependencies": {
				"@adraffy/ens-normalize": "1.10.1",
				"@noble/curves": "1.2.0",
				"@noble/hashes": "1.3.2",
				"@types/node": "22.7.5",
				"aes-js": "4.0.0-beta.5",
				"tslib": "2.7.0",
				"ws": "8.17.1"
			},
			"engines": {
				"node": ">=14.0.0"
			}
		},
		"node_modules/eventemitter3": {
			"version": "5.0.1",
			"resolved": "https://registry.npmjs.org/eventemitter3/-/eventemitter3-5.0.1.tgz",
			"integrity": "sha512-GWkBvjiSZK87ELrYOSESUYeVIc9mvLLf/nXalMOS5dYrgZq9o5OVkbZAVM06CVxYsCwH9BDZFPlQTlPA1j4ahA==",
			"license": "MIT"
		},
		"node_modules/follow-redirects": {
			"version": "1.15.9",
			"resolved": "https://registry.npmjs.org/follow-redirects/-/follow-redirects-1.15.9.tgz",
			"integrity": "sha512-gew4GsXizNgdoRyqmyfMHyAmXsZDk6mHkSxZFCzW9gwlbtOW44CDtYavM+y+72qD/Vq2l550kMF52DT8fOLJqQ==",
			"funding": [
				{
					"type": "individual",
					"url": "https://github.com/sponsors/RubenVerborgh"
				}
			],
			"license": "MIT",
			"engines": {
				"node": ">=4.0"
			},
			"peerDependenciesMeta": {
				"debug": {
					"optional": true
				}
			}
		},
		"node_modules/fsevents": {
			"version": "2.3.3",
			"resolved": "https://registry.npmjs.org/fsevents/-/fsevents-2.3.3.tgz",
			"integrity": "sha512-5xoDfX+fL7faATnagmWPpbFtwh/R77WmMMqqHGS65C3vvB0YHrgF+B1YmZ3441tMj5n63k0212XNoJwzlhffQw==",
			"dev": true,
			"hasInstallScript": true,
			"license": "MIT",
			"optional": true,
			"os": [
				"darwin"
			],
			"engines": {
				"node": "^8.16.0 || ^10.6.0 || >=11.0.0"
			}
		},
		"node_modules/graceful-fs": {
			"version": "4.2.10",
			"resolved": "https://registry.npmjs.org/graceful-fs/-/graceful-fs-4.2.10.tgz",
			"integrity": "sha512-9ByhssR2fPVsNZj478qUUbKfmL0+t5BDVyjShtyZZLiK7ZDAArFFfopyOTj0M05wE2tJPisA4iTnnXl2YoPvOA==",
			"license": "ISC"
		},
		"node_modules/ini": {
			"version": "1.3.8",
			"resolved": "https://registry.npmjs.org/ini/-/ini-1.3.8.tgz",
			"integrity": "sha512-JV/yugV2uzW5iMRSiZAyDtQd+nxtUnjeLt0acNdw98kKLrvuRVyB80tsREOE7yvGVgalhZ6RNXCmEHkUKBKxew==",
			"license": "ISC"
		},
		"node_modules/isows": {
			"version": "1.0.6",
			"resolved": "https://registry.npmjs.org/isows/-/isows-1.0.6.tgz",
			"integrity": "sha512-lPHCayd40oW98/I0uvgaHKWCSvkzY27LjWLbtzOm64yQ+G3Q5npjjbdppU65iZXkK1Zt+kH9pfegli0AYfwYYw==",
			"funding": [
				{
					"type": "github",
					"url": "https://github.com/sponsors/wevm"
				}
			],
			"license": "MIT",
			"peerDependencies": {
				"ws": "*"
			}
		},
		"node_modules/js-sha3": {
			"version": "0.8.0",
			"resolved": "https://registry.npmjs.org/js-sha3/-/js-sha3-0.8.0.tgz",
			"integrity": "sha512-gF1cRrHhIzNfToc802P800N8PpXS+evLLXfsVpowqmAFR9uwbi89WvXg2QspOmXL8QL86J4T1EpFu+yUkwJY3Q==",
			"license": "MIT"
		},
		"node_modules/ky": {
			"version": "1.7.4",
			"resolved": "https://registry.npmjs.org/ky/-/ky-1.7.4.tgz",
			"integrity": "sha512-zYEr/gh7uLW2l4su11bmQ2M9xLgQLjyvx58UyNM/6nuqyWFHPX5ktMjvpev3F8QWdjSsHUpnWew4PBCswBNuMQ==",
			"license": "MIT",
			"engines": {
				"node": ">=18"
			},
			"funding": {
				"url": "https://github.com/sindresorhus/ky?sponsor=1"
			}
		},
		"node_modules/memorystream": {
			"version": "0.3.1",
			"resolved": "https://registry.npmjs.org/memorystream/-/memorystream-0.3.1.tgz",
			"integrity": "sha512-S3UwM3yj5mtUSEfP41UZmt/0SCoVYUcU1rkXv+BQ5Ig8ndL4sPoJNBUJERafdPb5jjHJGuMgytgKvKIf58XNBw==",
			"engines": {
				"node": ">= 0.10.0"
			}
		},
		"node_modules/minimist": {
			"version": "1.2.8",
			"resolved": "https://registry.npmjs.org/minimist/-/minimist-1.2.8.tgz",
			"integrity": "sha512-2yyAR8qBkN3YuheJanUpWC5U3bb5osDywNB8RzDVlDwDHbocAJveqqj1u8+SVD7jkWT4yvsHCpWqqWqAxb0zCA==",
			"license": "MIT",
			"funding": {
				"url": "https://github.com/sponsors/ljharb"
			}
		},
		"node_modules/nanoid": {
			"version": "3.3.7",
			"dev": true,
			"funding": [
				{
					"type": "github",
					"url": "https://github.com/sponsors/ai"
				}
			],
			"license": "MIT",
			"bin": {
				"nanoid": "bin/nanoid.cjs"
			},
			"engines": {
				"node": "^10 || ^12 || ^13.7 || ^14 || >=15.0.1"
			}
		},
		"node_modules/os-tmpdir": {
			"version": "1.0.2",
			"resolved": "https://registry.npmjs.org/os-tmpdir/-/os-tmpdir-1.0.2.tgz",
			"integrity": "sha512-D2FR03Vir7FIu45XBY20mTb+/ZSWB00sjU9jdQXt83gDrI4Ztz5Fs7/yy74g2N5SVQY4xY1qDr4rNddwYRVX0g==",
			"license": "MIT",
			"engines": {
				"node": ">=0.10.0"
			}
		},
		"node_modules/ox": {
			"version": "0.6.5",
			"resolved": "https://registry.npmjs.org/ox/-/ox-0.6.5.tgz",
			"integrity": "sha512-vmnH8KvMDwFZDbNY1mq2CBRBWIgSliZB/dFV0xKp+DfF/dJkTENt6nmA+DzHSSAgL/GO2ydjkXWvlndJgSY4KQ==",
			"funding": [
				{
					"type": "github",
					"url": "https://github.com/sponsors/wevm"
				}
			],
			"license": "MIT",
			"dependencies": {
				"@adraffy/ens-normalize": "^1.10.1",
				"@noble/curves": "^1.6.0",
				"@noble/hashes": "^1.5.0",
				"@scure/bip32": "^1.5.0",
				"@scure/bip39": "^1.4.0",
				"abitype": "^1.0.6",
				"eventemitter3": "5.0.1"
			},
			"peerDependencies": {
				"typescript": ">=5.4.0"
			},
			"peerDependenciesMeta": {
				"typescript": {
					"optional": true
				}
			}
		},
		"node_modules/ox/node_modules/@noble/curves": {
			"version": "1.8.1",
			"resolved": "https://registry.npmjs.org/@noble/curves/-/curves-1.8.1.tgz",
			"integrity": "sha512-warwspo+UYUPep0Q+vtdVB4Ugn8GGQj8iyB3gnRWsztmUHTI3S1nhdiWNsPUGL0vud7JlRRk1XEu7Lq1KGTnMQ==",
			"license": "MIT",
			"dependencies": {
				"@noble/hashes": "1.7.1"
			},
			"engines": {
				"node": "^14.21.3 || >=16"
			},
			"funding": {
				"url": "https://paulmillr.com/funding/"
			}
		},
		"node_modules/ox/node_modules/@noble/hashes": {
			"version": "1.7.1",
			"resolved": "https://registry.npmjs.org/@noble/hashes/-/hashes-1.7.1.tgz",
			"integrity": "sha512-B8XBPsn4vT/KJAGqDzbwztd+6Yte3P4V7iafm24bxgDe/mlRuK6xmWPuCNrKt2vDafZ8MfJLlchDG/vYafQEjQ==",
			"license": "MIT",
			"engines": {
				"node": "^14.21.3 || >=16"
			},
			"funding": {
				"url": "https://paulmillr.com/funding/"
			}
		},
		"node_modules/package-json": {
			"version": "10.0.1",
			"resolved": "https://registry.npmjs.org/package-json/-/package-json-10.0.1.tgz",
			"integrity": "sha512-ua1L4OgXSBdsu1FPb7F3tYH0F48a6kxvod4pLUlGY9COeJAJQNX/sNH2IiEmsxw7lqYiAwrdHMjz1FctOsyDQg==",
			"license": "MIT",
			"dependencies": {
				"ky": "^1.2.0",
				"registry-auth-token": "^5.0.2",
				"registry-url": "^6.0.1",
				"semver": "^7.6.0"
			},
			"engines": {
				"node": ">=18"
			},
			"funding": {
				"url": "https://github.com/sponsors/sindresorhus"
			}
		},
		"node_modules/package-json/node_modules/semver": {
			"version": "7.6.3",
			"resolved": "https://registry.npmjs.org/semver/-/semver-7.6.3.tgz",
			"integrity": "sha512-oVekP1cKtI+CTDvHWYFUcMtsK/00wmAEfyqKfNdARm8u1wNVhSgaX7A8d4UuIlUI5e84iEwOhs7ZPYRmzU9U6A==",
			"license": "ISC",
			"bin": {
				"semver": "bin/semver.js"
			},
			"engines": {
				"node": ">=10"
			}
		},
		"node_modules/picocolors": {
			"version": "1.1.0",
			"dev": true,
			"license": "ISC"
		},
		"node_modules/postcss": {
			"version": "8.4.47",
			"dev": true,
			"funding": [
				{
					"type": "opencollective",
					"url": "https://opencollective.com/postcss/"
				},
				{
					"type": "tidelift",
					"url": "https://tidelift.com/funding/github/npm/postcss"
				},
				{
					"type": "github",
					"url": "https://github.com/sponsors/ai"
				}
			],
			"license": "MIT",
			"dependencies": {
				"nanoid": "^3.3.7",
				"picocolors": "^1.1.0",
				"source-map-js": "^1.2.1"
			},
			"engines": {
				"node": "^10 || ^12 || >=14"
			}
		},
		"node_modules/prettier": {
			"version": "3.4.2",
			"resolved": "https://registry.npmjs.org/prettier/-/prettier-3.4.2.tgz",
			"integrity": "sha512-e9MewbtFo+Fevyuxn/4rrcDAaq0IYxPGLvObpQjiZBMAzB9IGmzlnG9RZy3FFas+eBMu2vA0CszMeduow5dIuQ==",
			"dev": true,
			"license": "MIT",
			"bin": {
				"prettier": "bin/prettier.cjs"
			},
			"engines": {
				"node": ">=14"
			},
			"funding": {
				"url": "https://github.com/prettier/prettier?sponsor=1"
			}
		},
		"node_modules/proto-list": {
			"version": "1.2.4",
			"resolved": "https://registry.npmjs.org/proto-list/-/proto-list-1.2.4.tgz",
			"integrity": "sha512-vtK/94akxsTMhe0/cbfpR+syPuszcuwhqVjJq26CuNDgFGj682oRBXOP5MJpv2r7JtE8MsiepGIqvvOTBwn2vA==",
			"license": "ISC"
		},
		"node_modules/rc": {
			"version": "1.2.8",
			"resolved": "https://registry.npmjs.org/rc/-/rc-1.2.8.tgz",
			"integrity": "sha512-y3bGgqKj3QBdxLbLkomlohkvsA8gdAiUQlSBJnBhfn+BPxg4bc62d8TcBW15wavDfgexCgccckhcZvywyQYPOw==",
			"license": "(BSD-2-Clause OR MIT OR Apache-2.0)",
			"dependencies": {
				"deep-extend": "^0.6.0",
				"ini": "~1.3.0",
				"minimist": "^1.2.0",
				"strip-json-comments": "~2.0.1"
			},
			"bin": {
				"rc": "cli.js"
			}
		},
		"node_modules/registry-auth-token": {
			"version": "5.0.3",
			"resolved": "https://registry.npmjs.org/registry-auth-token/-/registry-auth-token-5.0.3.tgz",
			"integrity": "sha512-1bpc9IyC+e+CNFRaWyn77tk4xGG4PPUyfakSmA6F6cvUDjrm58dfyJ3II+9yb10EDkHoy1LaPSmHaWLOH3m6HA==",
			"license": "MIT",
			"dependencies": {
				"@pnpm/npm-conf": "^2.1.0"
			},
			"engines": {
				"node": ">=14"
			}
		},
		"node_modules/registry-url": {
			"version": "6.0.1",
			"resolved": "https://registry.npmjs.org/registry-url/-/registry-url-6.0.1.tgz",
			"integrity": "sha512-+crtS5QjFRqFCoQmvGduwYWEBng99ZvmFvF+cUJkGYF1L1BfU8C6Zp9T7f5vPAwyLkUExpvK+ANVZmGU49qi4Q==",
			"license": "MIT",
			"dependencies": {
				"rc": "1.2.8"
			},
			"engines": {
				"node": ">=12"
			},
			"funding": {
				"url": "https://github.com/sponsors/sindresorhus"
			}
		},
		"node_modules/rollup": {
			"version": "4.24.0",
			"dev": true,
			"license": "MIT",
			"dependencies": {
				"@types/estree": "1.0.6"
			},
			"bin": {
				"rollup": "dist/bin/rollup"
			},
			"engines": {
				"node": ">=18.0.0",
				"npm": ">=8.0.0"
			},
			"optionalDependencies": {
				"@rollup/rollup-android-arm-eabi": "4.24.0",
				"@rollup/rollup-android-arm64": "4.24.0",
				"@rollup/rollup-darwin-arm64": "4.24.0",
				"@rollup/rollup-darwin-x64": "4.24.0",
				"@rollup/rollup-linux-arm-gnueabihf": "4.24.0",
				"@rollup/rollup-linux-arm-musleabihf": "4.24.0",
				"@rollup/rollup-linux-arm64-gnu": "4.24.0",
				"@rollup/rollup-linux-arm64-musl": "4.24.0",
				"@rollup/rollup-linux-powerpc64le-gnu": "4.24.0",
				"@rollup/rollup-linux-riscv64-gnu": "4.24.0",
				"@rollup/rollup-linux-s390x-gnu": "4.24.0",
				"@rollup/rollup-linux-x64-gnu": "4.24.0",
				"@rollup/rollup-linux-x64-musl": "4.24.0",
				"@rollup/rollup-win32-arm64-msvc": "4.24.0",
				"@rollup/rollup-win32-ia32-msvc": "4.24.0",
				"@rollup/rollup-win32-x64-msvc": "4.24.0",
				"fsevents": "~2.3.2"
			}
		},
		"node_modules/semver": {
			"version": "5.7.2",
			"resolved": "https://registry.npmjs.org/semver/-/semver-5.7.2.tgz",
			"integrity": "sha512-cBznnQ9KjJqU67B52RMC65CMarK2600WFnbkcaiwWq3xy/5haFJlshgnpjovMVJ+Hff49d8GEn0b87C5pDQ10g==",
			"license": "ISC",
			"bin": {
				"semver": "bin/semver"
			}
		},
		"node_modules/solc": {
			"version": "0.8.28",
			"resolved": "https://registry.npmjs.org/solc/-/solc-0.8.28.tgz",
			"integrity": "sha512-AFCiJ+b4RosyyNhnfdVH4ZR1+TxiL91iluPjw0EJslIu4LXGM9NYqi2z5y8TqochC4tcH9QsHfwWhOIC9jPDKA==",
			"license": "MIT",
			"dependencies": {
				"command-exists": "^1.2.8",
				"commander": "^8.1.0",
				"follow-redirects": "^1.12.1",
				"js-sha3": "0.8.0",
				"memorystream": "^0.3.1",
				"semver": "^5.5.0",
				"tmp": "0.0.33"
			},
			"bin": {
				"solcjs": "solc.js"
			},
			"engines": {
				"node": ">=10.0.0"
			}
		},
		"node_modules/source-map-js": {
			"version": "1.2.1",
			"dev": true,
			"license": "BSD-3-Clause",
			"engines": {
				"node": ">=0.10.0"
			}
		},
		"node_modules/strip-json-comments": {
			"version": "2.0.1",
			"resolved": "https://registry.npmjs.org/strip-json-comments/-/strip-json-comments-2.0.1.tgz",
			"integrity": "sha512-4gB8na07fecVVkOI6Rs4e7T6NOTki5EmL7TUduTs6bu3EdnSycntVJ4re8kgZA+wx9IueI2Y11bfbgwtzuE0KQ==",
			"license": "MIT",
			"engines": {
				"node": ">=0.10.0"
			}
		},
		"node_modules/tmp": {
			"version": "0.0.33",
			"resolved": "https://registry.npmjs.org/tmp/-/tmp-0.0.33.tgz",
			"integrity": "sha512-jRCJlojKnZ3addtTOjdIqoRuPEKBvNXcGYqzO6zWZX8KfKEpnGY5jfggJQ3EjKuu8D4bJRr0y+cYJFmYbImXGw==",
			"license": "MIT",
			"dependencies": {
				"os-tmpdir": "~1.0.2"
			},
			"engines": {
				"node": ">=0.6.0"
			}
		},
		"node_modules/tslib": {
			"version": "2.7.0",
			"resolved": "https://registry.npmjs.org/tslib/-/tslib-2.7.0.tgz",
			"integrity": "sha512-gLXCKdN1/j47AiHiOkJN69hJmcbGTHI0ImLmbYLHykhgeN0jVGola9yVjFgzCUklsZQMW55o+dW7IXv3RCXDzA==",
			"license": "0BSD"
		},
		"node_modules/typescript": {
			"version": "5.7.3",
			"resolved": "https://registry.npmjs.org/typescript/-/typescript-5.7.3.tgz",
			"integrity": "sha512-84MVSjMEHP+FQRPy3pX9sTVV/INIex71s9TL2Gm5FG/WG1SqXeKyZ0k7/blY/4FdOzI12CBy1vGc4og/eus0fw==",
			"devOptional": true,
			"license": "Apache-2.0",
			"bin": {
				"tsc": "bin/tsc",
				"tsserver": "bin/tsserver"
			},
			"engines": {
				"node": ">=14.17"
			}
		},
		"node_modules/undici-types": {
			"version": "6.19.8",
			"resolved": "https://registry.npmjs.org/undici-types/-/undici-types-6.19.8.tgz",
			"integrity": "sha512-ve2KP6f/JnbPBFyobGHuerC9g1FYGn/F8n1LWTwNxCEzd6IfqTwUQcNXgEtmmQ6DlRrC1hrSrBnCZPokRrDHjw==",
			"license": "MIT"
		},
		"node_modules/viem": {
			"version": "2.22.11",
			"resolved": "https://registry.npmjs.org/viem/-/viem-2.22.11.tgz",
			"integrity": "sha512-r86JkRcE8GVTRKBZADkT01EbmIAkjqJE3xcgeIk1AznKYE/KQfuaki8vZwaOoqQd5jqVZ7m5kGtFFsRe6LEWrg==",
			"funding": [
				{
					"type": "github",
					"url": "https://github.com/sponsors/wevm"
				}
			],
			"license": "MIT",
			"dependencies": {
				"@noble/curves": "1.7.0",
				"@noble/hashes": "1.6.1",
				"@scure/bip32": "1.6.0",
				"@scure/bip39": "1.5.0",
				"abitype": "1.0.7",
				"isows": "1.0.6",
				"ox": "0.6.5",
				"ws": "8.18.0"
			},
			"peerDependencies": {
				"typescript": ">=5.0.4"
			},
			"peerDependenciesMeta": {
				"typescript": {
					"optional": true
				}
			}
		},
		"node_modules/viem/node_modules/@noble/curves": {
			"version": "1.7.0",
			"resolved": "https://registry.npmjs.org/@noble/curves/-/curves-1.7.0.tgz",
			"integrity": "sha512-UTMhXK9SeDhFJVrHeUJ5uZlI6ajXg10O6Ddocf9S6GjbSBVZsJo88HzKwXznNfGpMTRDyJkqMjNDPYgf0qFWnw==",
			"license": "MIT",
			"dependencies": {
				"@noble/hashes": "1.6.0"
			},
			"engines": {
				"node": "^14.21.3 || >=16"
			},
			"funding": {
				"url": "https://paulmillr.com/funding/"
			}
		},
		"node_modules/viem/node_modules/@noble/curves/node_modules/@noble/hashes": {
			"version": "1.6.0",
			"resolved": "https://registry.npmjs.org/@noble/hashes/-/hashes-1.6.0.tgz",
			"integrity": "sha512-YUULf0Uk4/mAA89w+k3+yUYh6NrEvxZa5T6SY3wlMvE2chHkxFUUIDI8/XW1QSC357iA5pSnqt7XEhvFOqmDyQ==",
			"license": "MIT",
			"engines": {
				"node": "^14.21.3 || >=16"
			},
			"funding": {
				"url": "https://paulmillr.com/funding/"
			}
		},
		"node_modules/viem/node_modules/@noble/hashes": {
			"version": "1.6.1",
			"resolved": "https://registry.npmjs.org/@noble/hashes/-/hashes-1.6.1.tgz",
			"integrity": "sha512-pq5D8h10hHBjyqX+cfBm0i8JUXJ0UhczFc4r74zbuT9XgewFo2E3J1cOaGtdZynILNmQ685YWGzGE1Zv6io50w==",
			"license": "MIT",
			"engines": {
				"node": "^14.21.3 || >=16"
			},
			"funding": {
				"url": "https://paulmillr.com/funding/"
			}
		},
		"node_modules/viem/node_modules/ws": {
			"version": "8.18.0",
			"resolved": "https://registry.npmjs.org/ws/-/ws-8.18.0.tgz",
			"integrity": "sha512-8VbfWfHLbbwu3+N6OKsOMpBdT4kXPDDB9cJk2bJ6mh9ucxdlnNvH1e+roYkKmN9Nxw2yjz7VzeO9oOz2zJ04Pw==",
			"license": "MIT",
			"engines": {
				"node": ">=10.0.0"
			},
			"peerDependencies": {
				"bufferutil": "^4.0.1",
				"utf-8-validate": ">=5.0.2"
			},
			"peerDependenciesMeta": {
				"bufferutil": {
					"optional": true
				},
				"utf-8-validate": {
					"optional": true
				}
			}
		},
		"node_modules/vite": {
			"version": "5.4.12",
			"resolved": "https://registry.npmjs.org/vite/-/vite-5.4.12.tgz",
			"integrity": "sha512-KwUaKB27TvWwDJr1GjjWthLMATbGEbeWYZIbGZ5qFIsgPP3vWzLu4cVooqhm5/Z2SPDUMjyPVjTztm5tYKwQxA==",
			"dev": true,
			"license": "MIT",
			"dependencies": {
				"esbuild": "^0.21.3",
				"postcss": "^8.4.43",
				"rollup": "^4.20.0"
			},
			"bin": {
				"vite": "bin/vite.js"
			},
			"engines": {
				"node": "^18.0.0 || >=20.0.0"
			},
			"funding": {
				"url": "https://github.com/vitejs/vite?sponsor=1"
			},
			"optionalDependencies": {
				"fsevents": "~2.3.3"
			},
			"peerDependencies": {
				"@types/node": "^18.0.0 || >=20.0.0",
				"less": "*",
				"lightningcss": "^1.21.0",
				"sass": "*",
				"sass-embedded": "*",
				"stylus": "*",
				"sugarss": "*",
				"terser": "^5.4.0"
			},
			"peerDependenciesMeta": {
				"@types/node": {
					"optional": true
				},
				"less": {
					"optional": true
				},
				"lightningcss": {
					"optional": true
				},
				"sass": {
					"optional": true
				},
				"sass-embedded": {
					"optional": true
				},
				"stylus": {
					"optional": true
				},
				"sugarss": {
					"optional": true
				},
				"terser": {
					"optional": true
				}
			}
		},
		"node_modules/ws": {
			"version": "8.17.1",
			"license": "MIT",
			"engines": {
				"node": ">=10.0.0"
			},
			"peerDependencies": {
				"bufferutil": "^4.0.1",
				"utf-8-validate": ">=5.0.2"
			},
			"peerDependenciesMeta": {
				"bufferutil": {
					"optional": true
				},
				"utf-8-validate": {
					"optional": true
				}
			}
		}
	}
}
